// !$*UTF8*$!
{
	archiveVersion = 1;
	classes = {
	};
	objectVersion = 56;
	objects = {

/* Begin PBXBuildFile section */
		850515152922295800862A2F /* GreenSelectedButton.swift in Sources */ = {isa = PBXBuildFile; fileRef = 850515142922295800862A2F /* GreenSelectedButton.swift */; };
		85051518292243BB00862A2F /* MultiSlider in Frameworks */ = {isa = PBXBuildFile; productRef = 85051517292243BB00862A2F /* MultiSlider */; };
		8505151E29228FF200862A2F /* ProfileCardView.swift in Sources */ = {isa = PBXBuildFile; fileRef = 8505151D29228FF200862A2F /* ProfileCardView.swift */; };
		850515202922949400862A2F /* ProfileTitleView.swift in Sources */ = {isa = PBXBuildFile; fileRef = 8505151F2922949400862A2F /* ProfileTitleView.swift */; };
		850515222922B51B00862A2F /* ProfileNicknameView.swift in Sources */ = {isa = PBXBuildFile; fileRef = 850515212922B51B00862A2F /* ProfileNicknameView.swift */; };
		85051527292364EB00862A2F /* CustomGenderView.swift in Sources */ = {isa = PBXBuildFile; fileRef = 85051526292364EB00862A2F /* CustomGenderView.swift */; };
		85051529292367BC00862A2F /* CustomStudyView.swift in Sources */ = {isa = PBXBuildFile; fileRef = 85051528292367BC00862A2F /* CustomStudyView.swift */; };
		8505152B292368AA00862A2F /* CustomPhoneView.swift in Sources */ = {isa = PBXBuildFile; fileRef = 8505152A292368AA00862A2F /* CustomPhoneView.swift */; };
		8505152D2923693E00862A2F /* CustomAgeView.swift in Sources */ = {isa = PBXBuildFile; fileRef = 8505152C2923693E00862A2F /* CustomAgeView.swift */; };
		8505152F29236A1C00862A2F /* CustomwithdarwView.swift in Sources */ = {isa = PBXBuildFile; fileRef = 8505152E29236A1C00862A2F /* CustomwithdarwView.swift */; };
		850515392924066C00862A2F /* SeSACInfo.swift in Sources */ = {isa = PBXBuildFile; fileRef = 850515382924066C00862A2F /* SeSACInfo.swift */; };
		850515402924994600862A2F /* MypageUpdate.swift in Sources */ = {isa = PBXBuildFile; fileRef = 8505153F2924994600862A2F /* MypageUpdate.swift */; };
		850515422924B3A600862A2F /* WithdrawPopupView.swift in Sources */ = {isa = PBXBuildFile; fileRef = 850515412924B3A600862A2F /* WithdrawPopupView.swift */; };
		850515482924B73400862A2F /* WithdarwViewController.swift in Sources */ = {isa = PBXBuildFile; fileRef = 850515472924B73400862A2F /* WithdarwViewController.swift */; };
		8505154B2924B78700862A2F /* WithdarwViewModel.swift in Sources */ = {isa = PBXBuildFile; fileRef = 8505154A2924B78700862A2F /* WithdarwViewModel.swift */; };
		8505155A2925149300862A2F /* SeachView.swift in Sources */ = {isa = PBXBuildFile; fileRef = 850515592925149300862A2F /* SeachView.swift */; };
		8505155C2925149D00862A2F /* SearchViewController.swift in Sources */ = {isa = PBXBuildFile; fileRef = 8505155B2925149D00862A2F /* SearchViewController.swift */; };
		8505155E29251B0D00862A2F /* SearchViewModel.swift in Sources */ = {isa = PBXBuildFile; fileRef = 8505155D29251B0D00862A2F /* SearchViewModel.swift */; };
		8505156029251FF100862A2F /* TagCell.swift in Sources */ = {isa = PBXBuildFile; fileRef = 8505155F29251FF100862A2F /* TagCell.swift */; };
		85092939292635800074912E /* SearchData.swift in Sources */ = {isa = PBXBuildFile; fileRef = 85092938292635800074912E /* SearchData.swift */; };
		8509293C292646200074912E /* RecommandCell.swift in Sources */ = {isa = PBXBuildFile; fileRef = 8509293B292646200074912E /* RecommandCell.swift */; };
		85350A3E2918C1D600C70515 /* AppDelegate.swift in Sources */ = {isa = PBXBuildFile; fileRef = 85350A3D2918C1D600C70515 /* AppDelegate.swift */; };
		85350A402918C1D600C70515 /* SceneDelegate.swift in Sources */ = {isa = PBXBuildFile; fileRef = 85350A3F2918C1D600C70515 /* SceneDelegate.swift */; };
		85350A472918C1D700C70515 /* Assets.xcassets in Resources */ = {isa = PBXBuildFile; fileRef = 85350A462918C1D700C70515 /* Assets.xcassets */; };
		85350A4A2918C1D700C70515 /* LaunchScreen.storyboard in Resources */ = {isa = PBXBuildFile; fileRef = 85350A482918C1D700C70515 /* LaunchScreen.storyboard */; };
		85350A562918C7FA00C70515 /* OnboardingViewController.swift in Sources */ = {isa = PBXBuildFile; fileRef = 85350A552918C7FA00C70515 /* OnboardingViewController.swift */; };
		85350A5A2918C81600C70515 /* OnboardingView.swift in Sources */ = {isa = PBXBuildFile; fileRef = 85350A592918C81600C70515 /* OnboardingView.swift */; };
		85350A622918CB0600C70515 /* BaseView.swift in Sources */ = {isa = PBXBuildFile; fileRef = 85350A612918CB0600C70515 /* BaseView.swift */; };
		85350A662918CC1000C70515 /* BaseViewProtocol.swift in Sources */ = {isa = PBXBuildFile; fileRef = 85350A652918CC1000C70515 /* BaseViewProtocol.swift */; };
		85350A682918CC9400C70515 /* BaseViewController.swift in Sources */ = {isa = PBXBuildFile; fileRef = 85350A672918CC9400C70515 /* BaseViewController.swift */; };
		85350A6A2918D06800C70515 /* OnboardingCollectionViewCell.swift in Sources */ = {isa = PBXBuildFile; fileRef = 85350A692918D06800C70515 /* OnboardingCollectionViewCell.swift */; };
		85350A6C2918D08C00C70515 /* BaseCollectionViewCell.swift in Sources */ = {isa = PBXBuildFile; fileRef = 85350A6B2918D08C00C70515 /* BaseCollectionViewCell.swift */; };
		85350A6F2918D43600C70515 /* SnapKit in Frameworks */ = {isa = PBXBuildFile; productRef = 85350A6E2918D43600C70515 /* SnapKit */; };
		85350A732918DC1200C70515 /* ReusableProtocol.swift in Sources */ = {isa = PBXBuildFile; fileRef = 85350A722918DC1200C70515 /* ReusableProtocol.swift */; };
		85350A772918DD7E00C70515 /* ReusableProtocol+Extension.swift in Sources */ = {isa = PBXBuildFile; fileRef = 85350A762918DD7E00C70515 /* ReusableProtocol+Extension.swift */; };
		85350A7B2918E2C300C70515 /* Assets.swift in Sources */ = {isa = PBXBuildFile; fileRef = 85350A7A2918E2C300C70515 /* Assets.swift */; };
		85350A7E2918F23000C70515 /* NotoSansKR-Medium.otf in Resources */ = {isa = PBXBuildFile; fileRef = 85350A7D2918F23000C70515 /* NotoSansKR-Medium.otf */; };
		85350A802918F24D00C70515 /* Fonts.swift in Sources */ = {isa = PBXBuildFile; fileRef = 85350A7F2918F24D00C70515 /* Fonts.swift */; };
		85350A822918F58800C70515 /* NotoSansKR-Regular.otf in Resources */ = {isa = PBXBuildFile; fileRef = 85350A812918F58800C70515 /* NotoSansKR-Regular.otf */; };
		85350A862918F70500C70515 /* UIColor+Extension.swift in Sources */ = {isa = PBXBuildFile; fileRef = 85350A852918F70500C70515 /* UIColor+Extension.swift */; };
		85350A8B2918FCCC00C70515 /* Ments.swift in Sources */ = {isa = PBXBuildFile; fileRef = 85350A8A2918FCCC00C70515 /* Ments.swift */; };
		85350A8E2919083200C70515 /* RxCocoa in Frameworks */ = {isa = PBXBuildFile; productRef = 85350A8D2919083200C70515 /* RxCocoa */; };
		85350A902919083200C70515 /* RxSwift in Frameworks */ = {isa = PBXBuildFile; productRef = 85350A8F2919083200C70515 /* RxSwift */; };
		85350A92291908D200C70515 /* RxSwiftProtocol.swift in Sources */ = {isa = PBXBuildFile; fileRef = 85350A91291908D200C70515 /* RxSwiftProtocol.swift */; };
		85350A972919125E00C70515 /* CertificationRequsetView.swift in Sources */ = {isa = PBXBuildFile; fileRef = 85350A962919125E00C70515 /* CertificationRequsetView.swift */; };
		85350A992919129400C70515 /* CertificationRequestViewController.swift in Sources */ = {isa = PBXBuildFile; fileRef = 85350A982919129400C70515 /* CertificationRequestViewController.swift */; };
		85350A9E291924B500C70515 /* GreenBgButton.swift in Sources */ = {isa = PBXBuildFile; fileRef = 85350A9D291924B500C70515 /* GreenBgButton.swift */; };
		85350AA0291924FA00C70515 /* BaseButton.swift in Sources */ = {isa = PBXBuildFile; fileRef = 85350A9F291924FA00C70515 /* BaseButton.swift */; };
		85350AA329192A9300C70515 /* TextFieldHighlightLine.swift in Sources */ = {isa = PBXBuildFile; fileRef = 85350AA229192A9300C70515 /* TextFieldHighlightLine.swift */; };
		85350AA6291931BC00C70515 /* RxGesture in Frameworks */ = {isa = PBXBuildFile; productRef = 85350AA5291931BC00C70515 /* RxGesture */; };
		85350AA8291937EF00C70515 /* CertificationRequestViewModel.swift in Sources */ = {isa = PBXBuildFile; fileRef = 85350AA7291937EF00C70515 /* CertificationRequestViewModel.swift */; };
		85350AAB29193B8700C70515 /* UserConfigureView.swift in Sources */ = {isa = PBXBuildFile; fileRef = 85350AAA29193B8700C70515 /* UserConfigureView.swift */; };
		85350AB4291944DD00C70515 /* CertificationReceivingView.swift in Sources */ = {isa = PBXBuildFile; fileRef = 85350AB3291944DD00C70515 /* CertificationReceivingView.swift */; };
		85350AB62919470300C70515 /* CertificationReceivingViewController.swift in Sources */ = {isa = PBXBuildFile; fileRef = 85350AB52919470300C70515 /* CertificationReceivingViewController.swift */; };
		8542BE0B291E730900CF799A /* SplashController.swift in Sources */ = {isa = PBXBuildFile; fileRef = 8542BE0A291E730900CF799A /* SplashController.swift */; };
		8542BE0E291E737C00CF799A /* SplashView.swift in Sources */ = {isa = PBXBuildFile; fileRef = 8542BE0D291E737C00CF799A /* SplashView.swift */; };
		8542BE12291E7BD500CF799A /* SplashViewModel.swift in Sources */ = {isa = PBXBuildFile; fileRef = 8542BE11291E7BD500CF799A /* SplashViewModel.swift */; };
		8542BE15291F67F800CF799A /* NetworkMonitor.swift in Sources */ = {isa = PBXBuildFile; fileRef = 8542BE14291F67F800CF799A /* NetworkMonitor.swift */; };
		8542BE1A291F6CFF00CF799A /* MainTabBarController.swift in Sources */ = {isa = PBXBuildFile; fileRef = 8542BE19291F6CFF00CF799A /* MainTabBarController.swift */; };
		8542BE202921F1AE00CF799A /* MyInfoView.swift in Sources */ = {isa = PBXBuildFile; fileRef = 8542BE1F2921F1AE00CF799A /* MyInfoView.swift */; };
		8542BE222921F1CF00CF799A /* MyInfoViewController.swift in Sources */ = {isa = PBXBuildFile; fileRef = 8542BE212921F1CF00CF799A /* MyInfoViewController.swift */; };
		8542BE242921F22E00CF799A /* MyInfoViewModel.swift in Sources */ = {isa = PBXBuildFile; fileRef = 8542BE232921F22E00CF799A /* MyInfoViewModel.swift */; };
		8542BE272921F65800CF799A /* RxDataSources in Frameworks */ = {isa = PBXBuildFile; productRef = 8542BE262921F65800CF799A /* RxDataSources */; };
		8542BE2A2921F77F00CF799A /* MyInfoTableViewCell.swift in Sources */ = {isa = PBXBuildFile; fileRef = 8542BE292921F77F00CF799A /* MyInfoTableViewCell.swift */; };
		859921E1291A75ED007F96A6 /* UIViewController+Extension.swift in Sources */ = {isa = PBXBuildFile; fileRef = 859921E0291A75ED007F96A6 /* UIViewController+Extension.swift */; };
		859921E4291A788F007F96A6 /* Userdefault.swift in Sources */ = {isa = PBXBuildFile; fileRef = 859921E3291A788F007F96A6 /* Userdefault.swift */; };
		859921E7291A7D7B007F96A6 /* RegexVaidation.swift in Sources */ = {isa = PBXBuildFile; fileRef = 859921E6291A7D7B007F96A6 /* RegexVaidation.swift */; };
		859921EB291AB490007F96A6 /* FirebaseAPIService.swift in Sources */ = {isa = PBXBuildFile; fileRef = 859921EA291AB490007F96A6 /* FirebaseAPIService.swift */; };
		859921ED291AC1E3007F96A6 /* CommonViewModel.swift in Sources */ = {isa = PBXBuildFile; fileRef = 859921EC291AC1E3007F96A6 /* CommonViewModel.swift */; };
		859921F2291BFB36007F96A6 /* GoogleService-Info.plist in Resources */ = {isa = PBXBuildFile; fileRef = 859921F1291BFB36007F96A6 /* GoogleService-Info.plist */; };
		859921F5291BFE11007F96A6 /* Alamofire in Frameworks */ = {isa = PBXBuildFile; productRef = 859921F4291BFE11007F96A6 /* Alamofire */; };
		859921F8291C0086007F96A6 /* UserData.swift in Sources */ = {isa = PBXBuildFile; fileRef = 859921F7291C0086007F96A6 /* UserData.swift */; };
		859921FC291C01D1007F96A6 /* SesacAPIService.swift in Sources */ = {isa = PBXBuildFile; fileRef = 859921FB291C01D1007F96A6 /* SesacAPIService.swift */; };
		859921FE291C0459007F96A6 /* SesacAPIRouter.swift in Sources */ = {isa = PBXBuildFile; fileRef = 859921FD291C0459007F96A6 /* SesacAPIRouter.swift */; };
		85992202291C0B03007F96A6 /* LoginError.swift in Sources */ = {isa = PBXBuildFile; fileRef = 85992201291C0B03007F96A6 /* LoginError.swift */; };
		85992208291CB01C007F96A6 /* NicknameView.swift in Sources */ = {isa = PBXBuildFile; fileRef = 85992207291CB01C007F96A6 /* NicknameView.swift */; };
		8599220A291CB0A7007F96A6 /* NicknameViewController.swift in Sources */ = {isa = PBXBuildFile; fileRef = 85992209291CB0A7007F96A6 /* NicknameViewController.swift */; };
		8599220D291CB1FA007F96A6 /* BlackHighlightTextField.swift in Sources */ = {isa = PBXBuildFile; fileRef = 8599220C291CB1FA007F96A6 /* BlackHighlightTextField.swift */; };
		85992210291CCCD3007F96A6 /* NicknameViewModel.swift in Sources */ = {isa = PBXBuildFile; fileRef = 8599220F291CCCD3007F96A6 /* NicknameViewModel.swift */; };
		85992215291CD686007F96A6 /* BirthViewModel.swift in Sources */ = {isa = PBXBuildFile; fileRef = 85992214291CD686007F96A6 /* BirthViewModel.swift */; };
		85992217291CD6B0007F96A6 /* BirthView.swift in Sources */ = {isa = PBXBuildFile; fileRef = 85992216291CD6B0007F96A6 /* BirthView.swift */; };
		85992219291CD6B8007F96A6 /* BirthViewController.swift in Sources */ = {isa = PBXBuildFile; fileRef = 85992218291CD6B8007F96A6 /* BirthViewController.swift */; };
		8599221B291D1BBA007F96A6 /* Date+Extension.swift in Sources */ = {isa = PBXBuildFile; fileRef = 8599221A291D1BBA007F96A6 /* Date+Extension.swift */; };
		85992220291D1ED1007F96A6 /* EmailViewModel.swift in Sources */ = {isa = PBXBuildFile; fileRef = 8599221F291D1ED1007F96A6 /* EmailViewModel.swift */; };
		85992222291D1EDB007F96A6 /* EmailView.swift in Sources */ = {isa = PBXBuildFile; fileRef = 85992221291D1EDB007F96A6 /* EmailView.swift */; };
		85992224291D1EE7007F96A6 /* EmailViewController.swift in Sources */ = {isa = PBXBuildFile; fileRef = 85992223291D1EE7007F96A6 /* EmailViewController.swift */; };
		85992229291D2CFF007F96A6 /* GenderViewModel.swift in Sources */ = {isa = PBXBuildFile; fileRef = 85992228291D2CFF007F96A6 /* GenderViewModel.swift */; };
		8599222B291D2D06007F96A6 /* GenderView.swift in Sources */ = {isa = PBXBuildFile; fileRef = 8599222A291D2D06007F96A6 /* GenderView.swift */; };
		8599222D291D2D0E007F96A6 /* GenderViewController.swift in Sources */ = {isa = PBXBuildFile; fileRef = 8599222C291D2D0E007F96A6 /* GenderViewController.swift */; };
		85992230291D50A8007F96A6 /* FirebaseAnalytics in Frameworks */ = {isa = PBXBuildFile; productRef = 8599222F291D50A8007F96A6 /* FirebaseAnalytics */; };
		85992232291D50A8007F96A6 /* FirebaseAuth in Frameworks */ = {isa = PBXBuildFile; productRef = 85992231291D50A8007F96A6 /* FirebaseAuth */; };
		85992234291D50A8007F96A6 /* FirebaseMessaging in Frameworks */ = {isa = PBXBuildFile; productRef = 85992233291D50A8007F96A6 /* FirebaseMessaging */; };
		8599223C291D6A8E007F96A6 /* HomeViewController.swift in Sources */ = {isa = PBXBuildFile; fileRef = 8599223B291D6A8E007F96A6 /* HomeViewController.swift */; };
		8599223E291D6ADB007F96A6 /* MainViewModel.swift in Sources */ = {isa = PBXBuildFile; fileRef = 8599223D291D6ADB007F96A6 /* MainViewModel.swift */; };
		85992240291D6B13007F96A6 /* HomeView.swift in Sources */ = {isa = PBXBuildFile; fileRef = 8599223F291D6B13007F96A6 /* HomeView.swift */; };
		85D341B629195FA200F27A78 /* .gitignore in Resources */ = {isa = PBXBuildFile; fileRef = 85D341B529195FA200F27A78 /* .gitignore */; };
		85D341BE291A2A8C00F27A78 /* CertificationReceivingViewModel.swift in Sources */ = {isa = PBXBuildFile; fileRef = 85D341BD291A2A8C00F27A78 /* CertificationReceivingViewModel.swift */; };
		85D341C1291A2C4A00F27A78 /* Toast in Frameworks */ = {isa = PBXBuildFile; productRef = 85D341C0291A2C4A00F27A78 /* Toast */; };
		85D341C5291A33E600F27A78 /* CertificationError.swift in Sources */ = {isa = PBXBuildFile; fileRef = 85D341C4291A33E600F27A78 /* CertificationError.swift */; };
		85E3ABB02922166400F890AF /* ManagementViewController.swift in Sources */ = {isa = PBXBuildFile; fileRef = 85E3ABAF2922166400F890AF /* ManagementViewController.swift */; };
		85E3ABB22922168400F890AF /* ManagementView.swift in Sources */ = {isa = PBXBuildFile; fileRef = 85E3ABB12922168400F890AF /* ManagementView.swift */; };
		85E3ABB4292216FE00F890AF /* ManagementViewModel.swift in Sources */ = {isa = PBXBuildFile; fileRef = 85E3ABB3292216FE00F890AF /* ManagementViewModel.swift */; };
/* End PBXBuildFile section */

/* Begin PBXFileReference section */
		850515142922295800862A2F /* GreenSelectedButton.swift */ = {isa = PBXFileReference; lastKnownFileType = sourcecode.swift; path = GreenSelectedButton.swift; sourceTree = "<group>"; };
		8505151D29228FF200862A2F /* ProfileCardView.swift */ = {isa = PBXFileReference; lastKnownFileType = sourcecode.swift; path = ProfileCardView.swift; sourceTree = "<group>"; };
		8505151F2922949400862A2F /* ProfileTitleView.swift */ = {isa = PBXFileReference; lastKnownFileType = sourcecode.swift; path = ProfileTitleView.swift; sourceTree = "<group>"; };
		850515212922B51B00862A2F /* ProfileNicknameView.swift */ = {isa = PBXFileReference; lastKnownFileType = sourcecode.swift; path = ProfileNicknameView.swift; sourceTree = "<group>"; };
		85051526292364EB00862A2F /* CustomGenderView.swift */ = {isa = PBXFileReference; lastKnownFileType = sourcecode.swift; path = CustomGenderView.swift; sourceTree = "<group>"; };
		85051528292367BC00862A2F /* CustomStudyView.swift */ = {isa = PBXFileReference; lastKnownFileType = sourcecode.swift; path = CustomStudyView.swift; sourceTree = "<group>"; };
		8505152A292368AA00862A2F /* CustomPhoneView.swift */ = {isa = PBXFileReference; lastKnownFileType = sourcecode.swift; path = CustomPhoneView.swift; sourceTree = "<group>"; };
		8505152C2923693E00862A2F /* CustomAgeView.swift */ = {isa = PBXFileReference; lastKnownFileType = sourcecode.swift; path = CustomAgeView.swift; sourceTree = "<group>"; };
		8505152E29236A1C00862A2F /* CustomwithdarwView.swift */ = {isa = PBXFileReference; lastKnownFileType = sourcecode.swift; path = CustomwithdarwView.swift; sourceTree = "<group>"; };
		850515382924066C00862A2F /* SeSACInfo.swift */ = {isa = PBXFileReference; lastKnownFileType = sourcecode.swift; path = SeSACInfo.swift; sourceTree = "<group>"; };
		8505153F2924994600862A2F /* MypageUpdate.swift */ = {isa = PBXFileReference; lastKnownFileType = sourcecode.swift; path = MypageUpdate.swift; sourceTree = "<group>"; };
		850515412924B3A600862A2F /* WithdrawPopupView.swift */ = {isa = PBXFileReference; lastKnownFileType = sourcecode.swift; path = WithdrawPopupView.swift; sourceTree = "<group>"; };
		850515472924B73400862A2F /* WithdarwViewController.swift */ = {isa = PBXFileReference; lastKnownFileType = sourcecode.swift; path = WithdarwViewController.swift; sourceTree = "<group>"; };
		8505154A2924B78700862A2F /* WithdarwViewModel.swift */ = {isa = PBXFileReference; lastKnownFileType = sourcecode.swift; path = WithdarwViewModel.swift; sourceTree = "<group>"; };
		850515592925149300862A2F /* SeachView.swift */ = {isa = PBXFileReference; lastKnownFileType = sourcecode.swift; path = SeachView.swift; sourceTree = "<group>"; };
		8505155B2925149D00862A2F /* SearchViewController.swift */ = {isa = PBXFileReference; lastKnownFileType = sourcecode.swift; path = SearchViewController.swift; sourceTree = "<group>"; };
		8505155D29251B0D00862A2F /* SearchViewModel.swift */ = {isa = PBXFileReference; lastKnownFileType = sourcecode.swift; path = SearchViewModel.swift; sourceTree = "<group>"; };
		8505155F29251FF100862A2F /* TagCell.swift */ = {isa = PBXFileReference; lastKnownFileType = sourcecode.swift; path = TagCell.swift; sourceTree = "<group>"; };
		85092938292635800074912E /* SearchData.swift */ = {isa = PBXFileReference; lastKnownFileType = sourcecode.swift; path = SearchData.swift; sourceTree = "<group>"; };
		8509293B292646200074912E /* RecommandCell.swift */ = {isa = PBXFileReference; lastKnownFileType = sourcecode.swift; path = RecommandCell.swift; sourceTree = "<group>"; };
		85350A3A2918C1D600C70515 /* SeSAC_StudyMatchingApp.app */ = {isa = PBXFileReference; explicitFileType = wrapper.application; includeInIndex = 0; path = SeSAC_StudyMatchingApp.app; sourceTree = BUILT_PRODUCTS_DIR; };
		85350A3D2918C1D600C70515 /* AppDelegate.swift */ = {isa = PBXFileReference; lastKnownFileType = sourcecode.swift; path = AppDelegate.swift; sourceTree = "<group>"; };
		85350A3F2918C1D600C70515 /* SceneDelegate.swift */ = {isa = PBXFileReference; lastKnownFileType = sourcecode.swift; path = SceneDelegate.swift; sourceTree = "<group>"; };
		85350A462918C1D700C70515 /* Assets.xcassets */ = {isa = PBXFileReference; lastKnownFileType = folder.assetcatalog; path = Assets.xcassets; sourceTree = "<group>"; };
		85350A492918C1D700C70515 /* Base */ = {isa = PBXFileReference; lastKnownFileType = file.storyboard; name = Base; path = Base.lproj/LaunchScreen.storyboard; sourceTree = "<group>"; };
		85350A4B2918C1D700C70515 /* Info.plist */ = {isa = PBXFileReference; lastKnownFileType = text.plist.xml; path = Info.plist; sourceTree = "<group>"; };
		85350A552918C7FA00C70515 /* OnboardingViewController.swift */ = {isa = PBXFileReference; lastKnownFileType = sourcecode.swift; path = OnboardingViewController.swift; sourceTree = "<group>"; };
		85350A592918C81600C70515 /* OnboardingView.swift */ = {isa = PBXFileReference; lastKnownFileType = sourcecode.swift; path = OnboardingView.swift; sourceTree = "<group>"; };
		85350A612918CB0600C70515 /* BaseView.swift */ = {isa = PBXFileReference; lastKnownFileType = sourcecode.swift; path = BaseView.swift; sourceTree = "<group>"; };
		85350A652918CC1000C70515 /* BaseViewProtocol.swift */ = {isa = PBXFileReference; lastKnownFileType = sourcecode.swift; path = BaseViewProtocol.swift; sourceTree = "<group>"; };
		85350A672918CC9400C70515 /* BaseViewController.swift */ = {isa = PBXFileReference; lastKnownFileType = sourcecode.swift; path = BaseViewController.swift; sourceTree = "<group>"; };
		85350A692918D06800C70515 /* OnboardingCollectionViewCell.swift */ = {isa = PBXFileReference; lastKnownFileType = sourcecode.swift; path = OnboardingCollectionViewCell.swift; sourceTree = "<group>"; };
		85350A6B2918D08C00C70515 /* BaseCollectionViewCell.swift */ = {isa = PBXFileReference; lastKnownFileType = sourcecode.swift; path = BaseCollectionViewCell.swift; sourceTree = "<group>"; };
		85350A722918DC1200C70515 /* ReusableProtocol.swift */ = {isa = PBXFileReference; lastKnownFileType = sourcecode.swift; path = ReusableProtocol.swift; sourceTree = "<group>"; };
		85350A762918DD7E00C70515 /* ReusableProtocol+Extension.swift */ = {isa = PBXFileReference; lastKnownFileType = sourcecode.swift; path = "ReusableProtocol+Extension.swift"; sourceTree = "<group>"; };
		85350A7A2918E2C300C70515 /* Assets.swift */ = {isa = PBXFileReference; lastKnownFileType = sourcecode.swift; path = Assets.swift; sourceTree = "<group>"; };
		85350A7D2918F23000C70515 /* NotoSansKR-Medium.otf */ = {isa = PBXFileReference; lastKnownFileType = file; path = "NotoSansKR-Medium.otf"; sourceTree = "<group>"; };
		85350A7F2918F24D00C70515 /* Fonts.swift */ = {isa = PBXFileReference; lastKnownFileType = sourcecode.swift; path = Fonts.swift; sourceTree = "<group>"; };
		85350A812918F58800C70515 /* NotoSansKR-Regular.otf */ = {isa = PBXFileReference; lastKnownFileType = file; path = "NotoSansKR-Regular.otf"; sourceTree = "<group>"; };
		85350A852918F70500C70515 /* UIColor+Extension.swift */ = {isa = PBXFileReference; lastKnownFileType = sourcecode.swift; path = "UIColor+Extension.swift"; sourceTree = "<group>"; };
		85350A8A2918FCCC00C70515 /* Ments.swift */ = {isa = PBXFileReference; lastKnownFileType = sourcecode.swift; path = Ments.swift; sourceTree = "<group>"; };
		85350A91291908D200C70515 /* RxSwiftProtocol.swift */ = {isa = PBXFileReference; lastKnownFileType = sourcecode.swift; path = RxSwiftProtocol.swift; sourceTree = "<group>"; };
		85350A962919125E00C70515 /* CertificationRequsetView.swift */ = {isa = PBXFileReference; lastKnownFileType = sourcecode.swift; path = CertificationRequsetView.swift; sourceTree = "<group>"; };
		85350A982919129400C70515 /* CertificationRequestViewController.swift */ = {isa = PBXFileReference; lastKnownFileType = sourcecode.swift; path = CertificationRequestViewController.swift; sourceTree = "<group>"; };
		85350A9D291924B500C70515 /* GreenBgButton.swift */ = {isa = PBXFileReference; lastKnownFileType = sourcecode.swift; path = GreenBgButton.swift; sourceTree = "<group>"; };
		85350A9F291924FA00C70515 /* BaseButton.swift */ = {isa = PBXFileReference; lastKnownFileType = sourcecode.swift; path = BaseButton.swift; sourceTree = "<group>"; };
		85350AA229192A9300C70515 /* TextFieldHighlightLine.swift */ = {isa = PBXFileReference; lastKnownFileType = sourcecode.swift; path = TextFieldHighlightLine.swift; sourceTree = "<group>"; };
		85350AA7291937EF00C70515 /* CertificationRequestViewModel.swift */ = {isa = PBXFileReference; lastKnownFileType = sourcecode.swift; path = CertificationRequestViewModel.swift; sourceTree = "<group>"; };
		85350AAA29193B8700C70515 /* UserConfigureView.swift */ = {isa = PBXFileReference; lastKnownFileType = sourcecode.swift; path = UserConfigureView.swift; sourceTree = "<group>"; };
		85350AB3291944DD00C70515 /* CertificationReceivingView.swift */ = {isa = PBXFileReference; lastKnownFileType = sourcecode.swift; path = CertificationReceivingView.swift; sourceTree = "<group>"; };
		85350AB52919470300C70515 /* CertificationReceivingViewController.swift */ = {isa = PBXFileReference; lastKnownFileType = sourcecode.swift; path = CertificationReceivingViewController.swift; sourceTree = "<group>"; };
		8542BE0A291E730900CF799A /* SplashController.swift */ = {isa = PBXFileReference; lastKnownFileType = sourcecode.swift; path = SplashController.swift; sourceTree = "<group>"; };
		8542BE0D291E737C00CF799A /* SplashView.swift */ = {isa = PBXFileReference; lastKnownFileType = sourcecode.swift; path = SplashView.swift; sourceTree = "<group>"; };
		8542BE11291E7BD500CF799A /* SplashViewModel.swift */ = {isa = PBXFileReference; lastKnownFileType = sourcecode.swift; path = SplashViewModel.swift; sourceTree = "<group>"; };
		8542BE14291F67F800CF799A /* NetworkMonitor.swift */ = {isa = PBXFileReference; lastKnownFileType = sourcecode.swift; path = NetworkMonitor.swift; sourceTree = "<group>"; };
		8542BE19291F6CFF00CF799A /* MainTabBarController.swift */ = {isa = PBXFileReference; lastKnownFileType = sourcecode.swift; path = MainTabBarController.swift; sourceTree = "<group>"; };
		8542BE1F2921F1AE00CF799A /* MyInfoView.swift */ = {isa = PBXFileReference; lastKnownFileType = sourcecode.swift; path = MyInfoView.swift; sourceTree = "<group>"; };
		8542BE212921F1CF00CF799A /* MyInfoViewController.swift */ = {isa = PBXFileReference; lastKnownFileType = sourcecode.swift; path = MyInfoViewController.swift; sourceTree = "<group>"; };
		8542BE232921F22E00CF799A /* MyInfoViewModel.swift */ = {isa = PBXFileReference; lastKnownFileType = sourcecode.swift; path = MyInfoViewModel.swift; sourceTree = "<group>"; };
		8542BE292921F77F00CF799A /* MyInfoTableViewCell.swift */ = {isa = PBXFileReference; lastKnownFileType = sourcecode.swift; path = MyInfoTableViewCell.swift; sourceTree = "<group>"; };
		859921E0291A75ED007F96A6 /* UIViewController+Extension.swift */ = {isa = PBXFileReference; lastKnownFileType = sourcecode.swift; path = "UIViewController+Extension.swift"; sourceTree = "<group>"; };
		859921E3291A788F007F96A6 /* Userdefault.swift */ = {isa = PBXFileReference; lastKnownFileType = sourcecode.swift; path = Userdefault.swift; sourceTree = "<group>"; };
		859921E6291A7D7B007F96A6 /* RegexVaidation.swift */ = {isa = PBXFileReference; lastKnownFileType = sourcecode.swift; path = RegexVaidation.swift; sourceTree = "<group>"; };
		859921EA291AB490007F96A6 /* FirebaseAPIService.swift */ = {isa = PBXFileReference; lastKnownFileType = sourcecode.swift; path = FirebaseAPIService.swift; sourceTree = "<group>"; };
		859921EC291AC1E3007F96A6 /* CommonViewModel.swift */ = {isa = PBXFileReference; lastKnownFileType = sourcecode.swift; path = CommonViewModel.swift; sourceTree = "<group>"; };
		859921F1291BFB36007F96A6 /* GoogleService-Info.plist */ = {isa = PBXFileReference; fileEncoding = 4; lastKnownFileType = text.plist.xml; path = "GoogleService-Info.plist"; sourceTree = "<group>"; };
		859921F7291C0086007F96A6 /* UserData.swift */ = {isa = PBXFileReference; lastKnownFileType = sourcecode.swift; path = UserData.swift; sourceTree = "<group>"; };
		859921FB291C01D1007F96A6 /* SesacAPIService.swift */ = {isa = PBXFileReference; lastKnownFileType = sourcecode.swift; path = SesacAPIService.swift; sourceTree = "<group>"; };
		859921FD291C0459007F96A6 /* SesacAPIRouter.swift */ = {isa = PBXFileReference; lastKnownFileType = sourcecode.swift; path = SesacAPIRouter.swift; sourceTree = "<group>"; };
		85992201291C0B03007F96A6 /* LoginError.swift */ = {isa = PBXFileReference; lastKnownFileType = sourcecode.swift; path = LoginError.swift; sourceTree = "<group>"; };
		85992207291CB01C007F96A6 /* NicknameView.swift */ = {isa = PBXFileReference; lastKnownFileType = sourcecode.swift; path = NicknameView.swift; sourceTree = "<group>"; };
		85992209291CB0A7007F96A6 /* NicknameViewController.swift */ = {isa = PBXFileReference; lastKnownFileType = sourcecode.swift; path = NicknameViewController.swift; sourceTree = "<group>"; };
		8599220C291CB1FA007F96A6 /* BlackHighlightTextField.swift */ = {isa = PBXFileReference; lastKnownFileType = sourcecode.swift; path = BlackHighlightTextField.swift; sourceTree = "<group>"; };
		8599220F291CCCD3007F96A6 /* NicknameViewModel.swift */ = {isa = PBXFileReference; lastKnownFileType = sourcecode.swift; path = NicknameViewModel.swift; sourceTree = "<group>"; };
		85992214291CD686007F96A6 /* BirthViewModel.swift */ = {isa = PBXFileReference; lastKnownFileType = sourcecode.swift; path = BirthViewModel.swift; sourceTree = "<group>"; };
		85992216291CD6B0007F96A6 /* BirthView.swift */ = {isa = PBXFileReference; lastKnownFileType = sourcecode.swift; path = BirthView.swift; sourceTree = "<group>"; };
		85992218291CD6B8007F96A6 /* BirthViewController.swift */ = {isa = PBXFileReference; lastKnownFileType = sourcecode.swift; path = BirthViewController.swift; sourceTree = "<group>"; };
		8599221A291D1BBA007F96A6 /* Date+Extension.swift */ = {isa = PBXFileReference; lastKnownFileType = sourcecode.swift; path = "Date+Extension.swift"; sourceTree = "<group>"; };
		8599221F291D1ED1007F96A6 /* EmailViewModel.swift */ = {isa = PBXFileReference; lastKnownFileType = sourcecode.swift; path = EmailViewModel.swift; sourceTree = "<group>"; };
		85992221291D1EDB007F96A6 /* EmailView.swift */ = {isa = PBXFileReference; lastKnownFileType = sourcecode.swift; path = EmailView.swift; sourceTree = "<group>"; };
		85992223291D1EE7007F96A6 /* EmailViewController.swift */ = {isa = PBXFileReference; lastKnownFileType = sourcecode.swift; path = EmailViewController.swift; sourceTree = "<group>"; };
		85992228291D2CFF007F96A6 /* GenderViewModel.swift */ = {isa = PBXFileReference; lastKnownFileType = sourcecode.swift; path = GenderViewModel.swift; sourceTree = "<group>"; };
		8599222A291D2D06007F96A6 /* GenderView.swift */ = {isa = PBXFileReference; lastKnownFileType = sourcecode.swift; path = GenderView.swift; sourceTree = "<group>"; };
		8599222C291D2D0E007F96A6 /* GenderViewController.swift */ = {isa = PBXFileReference; lastKnownFileType = sourcecode.swift; path = GenderViewController.swift; sourceTree = "<group>"; };
		8599223B291D6A8E007F96A6 /* HomeViewController.swift */ = {isa = PBXFileReference; lastKnownFileType = sourcecode.swift; path = HomeViewController.swift; sourceTree = "<group>"; };
		8599223D291D6ADB007F96A6 /* MainViewModel.swift */ = {isa = PBXFileReference; lastKnownFileType = sourcecode.swift; path = MainViewModel.swift; sourceTree = "<group>"; };
		8599223F291D6B13007F96A6 /* HomeView.swift */ = {isa = PBXFileReference; lastKnownFileType = sourcecode.swift; path = HomeView.swift; sourceTree = "<group>"; };
		85D341B529195FA200F27A78 /* .gitignore */ = {isa = PBXFileReference; lastKnownFileType = text; path = .gitignore; sourceTree = "<group>"; };
		85D341BB291965AC00F27A78 /* SeSAC_StudyMatchingApp.entitlements */ = {isa = PBXFileReference; lastKnownFileType = text.plist.entitlements; path = SeSAC_StudyMatchingApp.entitlements; sourceTree = "<group>"; };
		85D341BD291A2A8C00F27A78 /* CertificationReceivingViewModel.swift */ = {isa = PBXFileReference; lastKnownFileType = sourcecode.swift; path = CertificationReceivingViewModel.swift; sourceTree = "<group>"; };
		85D341C4291A33E600F27A78 /* CertificationError.swift */ = {isa = PBXFileReference; lastKnownFileType = sourcecode.swift; path = CertificationError.swift; sourceTree = "<group>"; };
		85E3ABAF2922166400F890AF /* ManagementViewController.swift */ = {isa = PBXFileReference; lastKnownFileType = sourcecode.swift; path = ManagementViewController.swift; sourceTree = "<group>"; };
		85E3ABB12922168400F890AF /* ManagementView.swift */ = {isa = PBXFileReference; lastKnownFileType = sourcecode.swift; path = ManagementView.swift; sourceTree = "<group>"; };
		85E3ABB3292216FE00F890AF /* ManagementViewModel.swift */ = {isa = PBXFileReference; lastKnownFileType = sourcecode.swift; path = ManagementViewModel.swift; sourceTree = "<group>"; };
/* End PBXFileReference section */

/* Begin PBXFrameworksBuildPhase section */
		85350A372918C1D600C70515 /* Frameworks */ = {
			isa = PBXFrameworksBuildPhase;
			buildActionMask = 2147483647;
			files = (
				859921F5291BFE11007F96A6 /* Alamofire in Frameworks */,
				85D341C1291A2C4A00F27A78 /* Toast in Frameworks */,
				85992234291D50A8007F96A6 /* FirebaseMessaging in Frameworks */,
				8542BE272921F65800CF799A /* RxDataSources in Frameworks */,
				85992230291D50A8007F96A6 /* FirebaseAnalytics in Frameworks */,
				85992232291D50A8007F96A6 /* FirebaseAuth in Frameworks */,
				85350A902919083200C70515 /* RxSwift in Frameworks */,
				85051518292243BB00862A2F /* MultiSlider in Frameworks */,
				85350A8E2919083200C70515 /* RxCocoa in Frameworks */,
				85350AA6291931BC00C70515 /* RxGesture in Frameworks */,
				85350A6F2918D43600C70515 /* SnapKit in Frameworks */,
			);
			runOnlyForDeploymentPostprocessing = 0;
		};
/* End PBXFrameworksBuildPhase section */

/* Begin PBXGroup section */
		850515252923633800862A2F /* CustomView */ = {
			isa = PBXGroup;
			children = (
				85051528292367BC00862A2F /* CustomStudyView.swift */,
				85051526292364EB00862A2F /* CustomGenderView.swift */,
				8505152A292368AA00862A2F /* CustomPhoneView.swift */,
				8505152C2923693E00862A2F /* CustomAgeView.swift */,
				8505152E29236A1C00862A2F /* CustomwithdarwView.swift */,
			);
			path = CustomView;
			sourceTree = "<group>";
		};
		8505153229236E0400862A2F /* UserCardView */ = {
			isa = PBXGroup;
			children = (
				8505151D29228FF200862A2F /* ProfileCardView.swift */,
				8505151F2922949400862A2F /* ProfileTitleView.swift */,
				850515212922B51B00862A2F /* ProfileNicknameView.swift */,
			);
			path = UserCardView;
			sourceTree = "<group>";
		};
		850515362924063700862A2F /* Domain */ = {
			isa = PBXGroup;
			children = (
				859921F6291BFE40007F96A6 /* Model */,
				85350A522918C5FA00C70515 /* Network */,
			);
			path = Domain;
			sourceTree = "<group>";
		};
		850515372924066200862A2F /* DTO */ = {
			isa = PBXGroup;
			children = (
				850515382924066C00862A2F /* SeSACInfo.swift */,
				8505153F2924994600862A2F /* MypageUpdate.swift */,
			);
			path = DTO;
			sourceTree = "<group>";
		};
		850515432924B71100862A2F /* Withdraw */ = {
			isa = PBXGroup;
			children = (
				850515492924B77C00862A2F /* ViewModel */,
				850515462924B72400862A2F /* View */,
			);
			path = Withdraw;
			sourceTree = "<group>";
		};
		850515462924B72400862A2F /* View */ = {
			isa = PBXGroup;
			children = (
				850515412924B3A600862A2F /* WithdrawPopupView.swift */,
				850515472924B73400862A2F /* WithdarwViewController.swift */,
			);
			path = View;
			sourceTree = "<group>";
		};
		850515492924B77C00862A2F /* ViewModel */ = {
			isa = PBXGroup;
			children = (
				8505154A2924B78700862A2F /* WithdarwViewModel.swift */,
			);
			path = ViewModel;
			sourceTree = "<group>";
		};
		850515552925144900862A2F /* Map */ = {
			isa = PBXGroup;
			children = (
				8599223A291D69DC007F96A6 /* ViewModel */,
				85992239291D69D5007F96A6 /* View */,
			);
			path = Map;
			sourceTree = "<group>";
		};
		850515562925145500862A2F /* Searching */ = {
			isa = PBXGroup;
			children = (
				850515582925147500862A2F /* ViewModel */,
				850515572925147100862A2F /* View */,
			);
			path = Searching;
			sourceTree = "<group>";
		};
		850515572925147100862A2F /* View */ = {
			isa = PBXGroup;
			children = (
				850515592925149300862A2F /* SeachView.swift */,
				8505155B2925149D00862A2F /* SearchViewController.swift */,
				8505155F29251FF100862A2F /* TagCell.swift */,
				8509293B292646200074912E /* RecommandCell.swift */,
			);
			path = View;
			sourceTree = "<group>";
		};
		850515582925147500862A2F /* ViewModel */ = {
			isa = PBXGroup;
			children = (
				8505155D29251B0D00862A2F /* SearchViewModel.swift */,
			);
			path = ViewModel;
			sourceTree = "<group>";
		};
		85350A312918C1D600C70515 = {
			isa = PBXGroup;
			children = (
				85D341B529195FA200F27A78 /* .gitignore */,
				859921F1291BFB36007F96A6 /* GoogleService-Info.plist */,
				85350A3C2918C1D600C70515 /* SeSAC_StudyMatchingApp */,
				85350A3B2918C1D600C70515 /* Products */,
			);
			sourceTree = "<group>";
		};
		85350A3B2918C1D600C70515 /* Products */ = {
			isa = PBXGroup;
			children = (
				85350A3A2918C1D600C70515 /* SeSAC_StudyMatchingApp.app */,
			);
			name = Products;
			sourceTree = "<group>";
		};
		85350A3C2918C1D600C70515 /* SeSAC_StudyMatchingApp */ = {
			isa = PBXGroup;
			children = (
				85D341BB291965AC00F27A78 /* SeSAC_StudyMatchingApp.entitlements */,
				850515362924063700862A2F /* Domain */,
				85350A742918DC4D00C70515 /* Resource */,
				85350A532918C60000C70515 /* Presentation */,
				85350A512918C24E00C70515 /* Application */,
			);
			path = SeSAC_StudyMatchingApp;
			sourceTree = "<group>";
		};
		85350A512918C24E00C70515 /* Application */ = {
			isa = PBXGroup;
			children = (
				85350A3D2918C1D600C70515 /* AppDelegate.swift */,
				85350A3F2918C1D600C70515 /* SceneDelegate.swift */,
			);
			path = Application;
			sourceTree = "<group>";
		};
		85350A522918C5FA00C70515 /* Network */ = {
			isa = PBXGroup;
			children = (
				8542BE13291F67D400CF799A /* Utils */,
			);
			path = Network;
			sourceTree = "<group>";
		};
		85350A532918C60000C70515 /* Presentation */ = {
			isa = PBXGroup;
			children = (
				85350A5D2918CA9E00C70515 /* Common */,
				8542BE09291E72C900CF799A /* Splash */,
				85992237291D680D007F96A6 /* Main */,
				85992203291CAFA3007F96A6 /* Signup */,
				85350AAE2919422B00C70515 /* Certification */,
				85350A542918C7E100C70515 /* Onboarding */,
			);
			path = Presentation;
			sourceTree = "<group>";
		};
		85350A542918C7E100C70515 /* Onboarding */ = {
			isa = PBXGroup;
			children = (
				85350A572918C7FD00C70515 /* View */,
			);
			path = Onboarding;
			sourceTree = "<group>";
		};
		85350A572918C7FD00C70515 /* View */ = {
			isa = PBXGroup;
			children = (
				85350A552918C7FA00C70515 /* OnboardingViewController.swift */,
				85350A592918C81600C70515 /* OnboardingView.swift */,
				85350A692918D06800C70515 /* OnboardingCollectionViewCell.swift */,
			);
			path = View;
			sourceTree = "<group>";
		};
		85350A5D2918CA9E00C70515 /* Common */ = {
			isa = PBXGroup;
			children = (
				85D341C2291A33CF00F27A78 /* Utils */,
				85350A602918CAF100C70515 /* Style */,
				85350A5F2918CADA00C70515 /* ViewModel */,
				85350A5E2918CAD100C70515 /* Base */,
			);
			path = Common;
			sourceTree = "<group>";
		};
		85350A5E2918CAD100C70515 /* Base */ = {
			isa = PBXGroup;
			children = (
				85350A752918DD6400C70515 /* Extension */,
				85350A642918CBFA00C70515 /* View */,
				85350A632918CBF100C70515 /* Protocols */,
			);
			path = Base;
			sourceTree = "<group>";
		};
		85350A5F2918CADA00C70515 /* ViewModel */ = {
			isa = PBXGroup;
			children = (
				859921EC291AC1E3007F96A6 /* CommonViewModel.swift */,
			);
			path = ViewModel;
			sourceTree = "<group>";
		};
		85350A602918CAF100C70515 /* Style */ = {
			isa = PBXGroup;
			children = (
				8599220B291CB1E3007F96A6 /* TextFieldStyle */,
				85350AA929193B7B00C70515 /* ViewStyle */,
				85350AA129192A8600C70515 /* Line */,
				85350A9C2919249100C70515 /* ButtonStyle */,
			);
			path = Style;
			sourceTree = "<group>";
		};
		85350A632918CBF100C70515 /* Protocols */ = {
			isa = PBXGroup;
			children = (
				85350A652918CC1000C70515 /* BaseViewProtocol.swift */,
				85350A722918DC1200C70515 /* ReusableProtocol.swift */,
				85350A91291908D200C70515 /* RxSwiftProtocol.swift */,
			);
			path = Protocols;
			sourceTree = "<group>";
		};
		85350A642918CBFA00C70515 /* View */ = {
			isa = PBXGroup;
			children = (
				85350A612918CB0600C70515 /* BaseView.swift */,
				85350A672918CC9400C70515 /* BaseViewController.swift */,
				85350A6B2918D08C00C70515 /* BaseCollectionViewCell.swift */,
				85350A9F291924FA00C70515 /* BaseButton.swift */,
			);
			path = View;
			sourceTree = "<group>";
		};
		85350A742918DC4D00C70515 /* Resource */ = {
			isa = PBXGroup;
			children = (
				85350A892918FCB200C70515 /* Ments */,
				85350A792918E2AD00C70515 /* Assets */,
				85350A482918C1D700C70515 /* LaunchScreen.storyboard */,
				85350A4B2918C1D700C70515 /* Info.plist */,
			);
			path = Resource;
			sourceTree = "<group>";
		};
		85350A752918DD6400C70515 /* Extension */ = {
			isa = PBXGroup;
			children = (
				85350A762918DD7E00C70515 /* ReusableProtocol+Extension.swift */,
			);
			path = Extension;
			sourceTree = "<group>";
		};
		85350A792918E2AD00C70515 /* Assets */ = {
			isa = PBXGroup;
			children = (
				85350A7C2918EF3C00C70515 /* Fonts */,
				85350A462918C1D700C70515 /* Assets.xcassets */,
				85350A7A2918E2C300C70515 /* Assets.swift */,
			);
			path = Assets;
			sourceTree = "<group>";
		};
		85350A7C2918EF3C00C70515 /* Fonts */ = {
			isa = PBXGroup;
			children = (
				85350A7D2918F23000C70515 /* NotoSansKR-Medium.otf */,
				85350A812918F58800C70515 /* NotoSansKR-Regular.otf */,
				85350A7F2918F24D00C70515 /* Fonts.swift */,
			);
			path = Fonts;
			sourceTree = "<group>";
		};
		85350A842918F6F400C70515 /* Extension */ = {
			isa = PBXGroup;
			children = (
				85350A852918F70500C70515 /* UIColor+Extension.swift */,
				859921E0291A75ED007F96A6 /* UIViewController+Extension.swift */,
				8599221A291D1BBA007F96A6 /* Date+Extension.swift */,
			);
			path = Extension;
			sourceTree = "<group>";
		};
		85350A892918FCB200C70515 /* Ments */ = {
			isa = PBXGroup;
			children = (
				85350A8A2918FCCC00C70515 /* Ments.swift */,
			);
			path = Ments;
			sourceTree = "<group>";
		};
		85350A93291911F400C70515 /* CertificationRequest */ = {
			isa = PBXGroup;
			children = (
				85350A952919125300C70515 /* ViewModel */,
				85350A942919124E00C70515 /* View */,
			);
			path = CertificationRequest;
			sourceTree = "<group>";
		};
		85350A942919124E00C70515 /* View */ = {
			isa = PBXGroup;
			children = (
				85350A962919125E00C70515 /* CertificationRequsetView.swift */,
				85350A982919129400C70515 /* CertificationRequestViewController.swift */,
			);
			path = View;
			sourceTree = "<group>";
		};
		85350A952919125300C70515 /* ViewModel */ = {
			isa = PBXGroup;
			children = (
				85350AA7291937EF00C70515 /* CertificationRequestViewModel.swift */,
			);
			path = ViewModel;
			sourceTree = "<group>";
		};
		85350A9C2919249100C70515 /* ButtonStyle */ = {
			isa = PBXGroup;
			children = (
				85350A9D291924B500C70515 /* GreenBgButton.swift */,
				850515142922295800862A2F /* GreenSelectedButton.swift */,
			);
			path = ButtonStyle;
			sourceTree = "<group>";
		};
		85350AA129192A8600C70515 /* Line */ = {
			isa = PBXGroup;
			children = (
				85350AA229192A9300C70515 /* TextFieldHighlightLine.swift */,
			);
			path = Line;
			sourceTree = "<group>";
		};
		85350AA929193B7B00C70515 /* ViewStyle */ = {
			isa = PBXGroup;
			children = (
				8505153229236E0400862A2F /* UserCardView */,
				85350AAA29193B8700C70515 /* UserConfigureView.swift */,
			);
			path = ViewStyle;
			sourceTree = "<group>";
		};
		85350AAE2919422B00C70515 /* Certification */ = {
			isa = PBXGroup;
			children = (
				85350AB0291943FF00C70515 /* CertificationReceiving */,
				85350A93291911F400C70515 /* CertificationRequest */,
			);
			path = Certification;
			sourceTree = "<group>";
		};
		85350AB0291943FF00C70515 /* CertificationReceiving */ = {
			isa = PBXGroup;
			children = (
				85350AB1291944B900C70515 /* ViewModel */,
				85350AB2291944C000C70515 /* View */,
			);
			path = CertificationReceiving;
			sourceTree = "<group>";
		};
		85350AB1291944B900C70515 /* ViewModel */ = {
			isa = PBXGroup;
			children = (
				85D341BD291A2A8C00F27A78 /* CertificationReceivingViewModel.swift */,
			);
			path = ViewModel;
			sourceTree = "<group>";
		};
		85350AB2291944C000C70515 /* View */ = {
			isa = PBXGroup;
			children = (
				85350AB3291944DD00C70515 /* CertificationReceivingView.swift */,
				85350AB52919470300C70515 /* CertificationReceivingViewController.swift */,
			);
			path = View;
			sourceTree = "<group>";
		};
		8542BE09291E72C900CF799A /* Splash */ = {
			isa = PBXGroup;
			children = (
				8542BE10291E7BC300CF799A /* ViewModel */,
				8542BE0C291E735C00CF799A /* View */,
			);
			path = Splash;
			sourceTree = "<group>";
		};
		8542BE0C291E735C00CF799A /* View */ = {
			isa = PBXGroup;
			children = (
				8542BE0A291E730900CF799A /* SplashController.swift */,
				8542BE0D291E737C00CF799A /* SplashView.swift */,
			);
			path = View;
			sourceTree = "<group>";
		};
		8542BE10291E7BC300CF799A /* ViewModel */ = {
			isa = PBXGroup;
			children = (
				8542BE11291E7BD500CF799A /* SplashViewModel.swift */,
			);
			path = ViewModel;
			sourceTree = "<group>";
		};
		8542BE13291F67D400CF799A /* Utils */ = {
			isa = PBXGroup;
			children = (
				859921F9291C00CE007F96A6 /* DefaultFirebaseAPIService */,
				859921FA291C0122007F96A6 /* DefaultSesacAPIService */,
				8542BE14291F67F800CF799A /* NetworkMonitor.swift */,
			);
			path = Utils;
			sourceTree = "<group>";
		};
		8542BE1B2921F06000CF799A /* TabBar */ = {
			isa = PBXGroup;
			children = (
				8542BE19291F6CFF00CF799A /* MainTabBarController.swift */,
			);
			path = TabBar;
			sourceTree = "<group>";
		};
		8542BE1C2921F06A00CF799A /* MyInfo */ = {
			isa = PBXGroup;
			children = (
				85E3ABAC292215DC00F890AF /* InfoList */,
				85E3ABAB2922159500F890AF /* Management */,
			);
			path = MyInfo;
			sourceTree = "<group>";
		};
		8542BE1D2921F07A00CF799A /* View */ = {
			isa = PBXGroup;
			children = (
				8542BE1F2921F1AE00CF799A /* MyInfoView.swift */,
				8542BE212921F1CF00CF799A /* MyInfoViewController.swift */,
				8542BE292921F77F00CF799A /* MyInfoTableViewCell.swift */,
			);
			path = View;
			sourceTree = "<group>";
		};
		8542BE1E2921F07F00CF799A /* ViewModel */ = {
			isa = PBXGroup;
			children = (
				8542BE232921F22E00CF799A /* MyInfoViewModel.swift */,
			);
			path = ViewModel;
			sourceTree = "<group>";
		};
		859921E2291A787D007F96A6 /* ProtpertyWrapper */ = {
			isa = PBXGroup;
			children = (
				859921E3291A788F007F96A6 /* Userdefault.swift */,
			);
			path = ProtpertyWrapper;
			sourceTree = "<group>";
		};
		859921E5291A7D44007F96A6 /* Validation */ = {
			isa = PBXGroup;
			children = (
				859921E6291A7D7B007F96A6 /* RegexVaidation.swift */,
			);
			path = Validation;
			sourceTree = "<group>";
		};
		859921F6291BFE40007F96A6 /* Model */ = {
			isa = PBXGroup;
			children = (
				850515372924066200862A2F /* DTO */,
				85992200291C0AEE007F96A6 /* APIModel */,
				859921FF291C0AE7007F96A6 /* Error */,
			);
			path = Model;
			sourceTree = "<group>";
		};
		859921F9291C00CE007F96A6 /* DefaultFirebaseAPIService */ = {
			isa = PBXGroup;
			children = (
				859921EA291AB490007F96A6 /* FirebaseAPIService.swift */,
			);
			path = DefaultFirebaseAPIService;
			sourceTree = "<group>";
		};
		859921FA291C0122007F96A6 /* DefaultSesacAPIService */ = {
			isa = PBXGroup;
			children = (
				859921FB291C01D1007F96A6 /* SesacAPIService.swift */,
			);
			name = DefaultSesacAPIService;
			path = ..;
			sourceTree = "<group>";
		};
		859921FF291C0AE7007F96A6 /* Error */ = {
			isa = PBXGroup;
			children = (
				85992201291C0B03007F96A6 /* LoginError.swift */,
			);
			path = Error;
			sourceTree = "<group>";
		};
		85992200291C0AEE007F96A6 /* APIModel */ = {
			isa = PBXGroup;
			children = (
				859921F7291C0086007F96A6 /* UserData.swift */,
				859921FD291C0459007F96A6 /* SesacAPIRouter.swift */,
				85092938292635800074912E /* SearchData.swift */,
			);
			path = APIModel;
			sourceTree = "<group>";
		};
		85992203291CAFA3007F96A6 /* Signup */ = {
			isa = PBXGroup;
			children = (
				85992225291D2CB2007F96A6 /* Gender */,
				8599221C291D1EAE007F96A6 /* Email */,
				85992211291CD5FE007F96A6 /* Birth */,
				85992206291CAFDD007F96A6 /* Nickname */,
			);
			path = Signup;
			sourceTree = "<group>";
		};
		85992204291CAFCB007F96A6 /* View */ = {
			isa = PBXGroup;
			children = (
				85992207291CB01C007F96A6 /* NicknameView.swift */,
				85992209291CB0A7007F96A6 /* NicknameViewController.swift */,
			);
			path = View;
			sourceTree = "<group>";
		};
		85992205291CAFD0007F96A6 /* ViewModel */ = {
			isa = PBXGroup;
			children = (
				8599220F291CCCD3007F96A6 /* NicknameViewModel.swift */,
			);
			path = ViewModel;
			sourceTree = "<group>";
		};
		85992206291CAFDD007F96A6 /* Nickname */ = {
			isa = PBXGroup;
			children = (
				85992205291CAFD0007F96A6 /* ViewModel */,
				85992204291CAFCB007F96A6 /* View */,
			);
			path = Nickname;
			sourceTree = "<group>";
		};
		8599220B291CB1E3007F96A6 /* TextFieldStyle */ = {
			isa = PBXGroup;
			children = (
				8599220C291CB1FA007F96A6 /* BlackHighlightTextField.swift */,
			);
			path = TextFieldStyle;
			sourceTree = "<group>";
		};
		85992211291CD5FE007F96A6 /* Birth */ = {
			isa = PBXGroup;
			children = (
				85992212291CD667007F96A6 /* ViewModel */,
				85992213291CD676007F96A6 /* View */,
			);
			path = Birth;
			sourceTree = "<group>";
		};
		85992212291CD667007F96A6 /* ViewModel */ = {
			isa = PBXGroup;
			children = (
				85992214291CD686007F96A6 /* BirthViewModel.swift */,
			);
			path = ViewModel;
			sourceTree = "<group>";
		};
		85992213291CD676007F96A6 /* View */ = {
			isa = PBXGroup;
			children = (
				85992216291CD6B0007F96A6 /* BirthView.swift */,
				85992218291CD6B8007F96A6 /* BirthViewController.swift */,
			);
			path = View;
			sourceTree = "<group>";
		};
		8599221C291D1EAE007F96A6 /* Email */ = {
			isa = PBXGroup;
			children = (
				8599221E291D1EC5007F96A6 /* ViewModel */,
				8599221D291D1EBE007F96A6 /* View */,
			);
			path = Email;
			sourceTree = "<group>";
		};
		8599221D291D1EBE007F96A6 /* View */ = {
			isa = PBXGroup;
			children = (
				85992221291D1EDB007F96A6 /* EmailView.swift */,
				85992223291D1EE7007F96A6 /* EmailViewController.swift */,
			);
			path = View;
			sourceTree = "<group>";
		};
		8599221E291D1EC5007F96A6 /* ViewModel */ = {
			isa = PBXGroup;
			children = (
				8599221F291D1ED1007F96A6 /* EmailViewModel.swift */,
			);
			path = ViewModel;
			sourceTree = "<group>";
		};
		85992225291D2CB2007F96A6 /* Gender */ = {
			isa = PBXGroup;
			children = (
				85992227291D2CC0007F96A6 /* ViewModel */,
				85992226291D2CBA007F96A6 /* View */,
			);
			path = Gender;
			sourceTree = "<group>";
		};
		85992226291D2CBA007F96A6 /* View */ = {
			isa = PBXGroup;
			children = (
				8599222A291D2D06007F96A6 /* GenderView.swift */,
				8599222C291D2D0E007F96A6 /* GenderViewController.swift */,
			);
			path = View;
			sourceTree = "<group>";
		};
		85992227291D2CC0007F96A6 /* ViewModel */ = {
			isa = PBXGroup;
			children = (
				85992228291D2CFF007F96A6 /* GenderViewModel.swift */,
			);
			path = ViewModel;
			sourceTree = "<group>";
		};
		85992237291D680D007F96A6 /* Main */ = {
			isa = PBXGroup;
			children = (
				8542BE1B2921F06000CF799A /* TabBar */,
				8542BE1C2921F06A00CF799A /* MyInfo */,
				85992238291D69CE007F96A6 /* Home */,
			);
			path = Main;
			sourceTree = "<group>";
		};
		85992238291D69CE007F96A6 /* Home */ = {
			isa = PBXGroup;
			children = (
				850515562925145500862A2F /* Searching */,
				850515552925144900862A2F /* Map */,
			);
			path = Home;
			sourceTree = "<group>";
		};
		85992239291D69D5007F96A6 /* View */ = {
			isa = PBXGroup;
			children = (
				8599223F291D6B13007F96A6 /* HomeView.swift */,
				8599223B291D6A8E007F96A6 /* HomeViewController.swift */,
			);
			path = View;
			sourceTree = "<group>";
		};
		8599223A291D69DC007F96A6 /* ViewModel */ = {
			isa = PBXGroup;
			children = (
				8599223D291D6ADB007F96A6 /* MainViewModel.swift */,
			);
			path = ViewModel;
			sourceTree = "<group>";
		};
		85D341C2291A33CF00F27A78 /* Utils */ = {
			isa = PBXGroup;
			children = (
				85350A842918F6F400C70515 /* Extension */,
				859921E5291A7D44007F96A6 /* Validation */,
				859921E2291A787D007F96A6 /* ProtpertyWrapper */,
				85D341C3291A33D700F27A78 /* Errors */,
			);
			path = Utils;
			sourceTree = "<group>";
		};
		85D341C3291A33D700F27A78 /* Errors */ = {
			isa = PBXGroup;
			children = (
				85D341C4291A33E600F27A78 /* CertificationError.swift */,
			);
			path = Errors;
			sourceTree = "<group>";
		};
		85E3ABAB2922159500F890AF /* Management */ = {
			isa = PBXGroup;
			children = (
				850515432924B71100862A2F /* Withdraw */,
				85E3ABAD2922164A00F890AF /* ViewModel */,
				85E3ABAE2922165100F890AF /* View */,
			);
			path = Management;
			sourceTree = "<group>";
		};
		85E3ABAC292215DC00F890AF /* InfoList */ = {
			isa = PBXGroup;
			children = (
				8542BE1E2921F07F00CF799A /* ViewModel */,
				8542BE1D2921F07A00CF799A /* View */,
			);
			path = InfoList;
			sourceTree = "<group>";
		};
		85E3ABAD2922164A00F890AF /* ViewModel */ = {
			isa = PBXGroup;
			children = (
				85E3ABB3292216FE00F890AF /* ManagementViewModel.swift */,
			);
			path = ViewModel;
			sourceTree = "<group>";
		};
		85E3ABAE2922165100F890AF /* View */ = {
			isa = PBXGroup;
			children = (
				850515252923633800862A2F /* CustomView */,
				85E3ABB12922168400F890AF /* ManagementView.swift */,
				85E3ABAF2922166400F890AF /* ManagementViewController.swift */,
			);
			path = View;
			sourceTree = "<group>";
		};
/* End PBXGroup section */

/* Begin PBXNativeTarget section */
		85350A392918C1D600C70515 /* SeSAC_StudyMatchingApp */ = {
			isa = PBXNativeTarget;
			buildConfigurationList = 85350A4E2918C1D700C70515 /* Build configuration list for PBXNativeTarget "SeSAC_StudyMatchingApp" */;
			buildPhases = (
				85350A362918C1D600C70515 /* Sources */,
				85350A372918C1D600C70515 /* Frameworks */,
				85350A382918C1D600C70515 /* Resources */,
			);
			buildRules = (
			);
			dependencies = (
			);
			name = SeSAC_StudyMatchingApp;
			packageProductDependencies = (
				85350A6E2918D43600C70515 /* SnapKit */,
				85350A8D2919083200C70515 /* RxCocoa */,
				85350A8F2919083200C70515 /* RxSwift */,
				85350AA5291931BC00C70515 /* RxGesture */,
				85D341C0291A2C4A00F27A78 /* Toast */,
				859921F4291BFE11007F96A6 /* Alamofire */,
				8599222F291D50A8007F96A6 /* FirebaseAnalytics */,
				85992231291D50A8007F96A6 /* FirebaseAuth */,
				85992233291D50A8007F96A6 /* FirebaseMessaging */,
				8542BE262921F65800CF799A /* RxDataSources */,
				85051517292243BB00862A2F /* MultiSlider */,
			);
			productName = SeSAC_StudyMatchingApp;
			productReference = 85350A3A2918C1D600C70515 /* SeSAC_StudyMatchingApp.app */;
			productType = "com.apple.product-type.application";
		};
/* End PBXNativeTarget section */

/* Begin PBXProject section */
		85350A322918C1D600C70515 /* Project object */ = {
			isa = PBXProject;
			attributes = {
				BuildIndependentTargetsInParallel = 1;
				LastSwiftUpdateCheck = 1400;
				LastUpgradeCheck = 1400;
				TargetAttributes = {
					85350A392918C1D600C70515 = {
						CreatedOnToolsVersion = 14.0.1;
					};
				};
			};
			buildConfigurationList = 85350A352918C1D600C70515 /* Build configuration list for PBXProject "SeSAC_StudyMatchingApp" */;
			compatibilityVersion = "Xcode 14.0";
			developmentRegion = en;
			hasScannedForEncodings = 0;
			knownRegions = (
				en,
				Base,
			);
			mainGroup = 85350A312918C1D600C70515;
			packageReferences = (
				85350A6D2918D43600C70515 /* XCRemoteSwiftPackageReference "SnapKit" */,
				85350A8C2919083200C70515 /* XCRemoteSwiftPackageReference "RxSwift" */,
				85350AA4291931BC00C70515 /* XCRemoteSwiftPackageReference "RxGesture" */,
				85D341BF291A2C4A00F27A78 /* XCRemoteSwiftPackageReference "Toast-Swift" */,
				859921F3291BFE11007F96A6 /* XCRemoteSwiftPackageReference "Alamofire" */,
				8599222E291D50A8007F96A6 /* XCRemoteSwiftPackageReference "firebase-ios-sdk" */,
				8542BE252921F65800CF799A /* XCRemoteSwiftPackageReference "RxDataSources" */,
				85051516292243BB00862A2F /* XCRemoteSwiftPackageReference "MultiSlider" */,
			);
			productRefGroup = 85350A3B2918C1D600C70515 /* Products */;
			projectDirPath = "";
			projectRoot = "";
			targets = (
				85350A392918C1D600C70515 /* SeSAC_StudyMatchingApp */,
			);
		};
/* End PBXProject section */

/* Begin PBXResourcesBuildPhase section */
		85350A382918C1D600C70515 /* Resources */ = {
			isa = PBXResourcesBuildPhase;
			buildActionMask = 2147483647;
			files = (
				85D341B629195FA200F27A78 /* .gitignore in Resources */,
				85350A7E2918F23000C70515 /* NotoSansKR-Medium.otf in Resources */,
				85350A4A2918C1D700C70515 /* LaunchScreen.storyboard in Resources */,
				85350A822918F58800C70515 /* NotoSansKR-Regular.otf in Resources */,
				85350A472918C1D700C70515 /* Assets.xcassets in Resources */,
				859921F2291BFB36007F96A6 /* GoogleService-Info.plist in Resources */,
			);
			runOnlyForDeploymentPostprocessing = 0;
		};
/* End PBXResourcesBuildPhase section */

/* Begin PBXSourcesBuildPhase section */
		85350A362918C1D600C70515 /* Sources */ = {
			isa = PBXSourcesBuildPhase;
			buildActionMask = 2147483647;
			files = (
				8542BE202921F1AE00CF799A /* MyInfoView.swift in Sources */,
				8542BE1A291F6CFF00CF799A /* MainTabBarController.swift in Sources */,
				85D341BE291A2A8C00F27A78 /* CertificationReceivingViewModel.swift in Sources */,
				8599221B291D1BBA007F96A6 /* Date+Extension.swift in Sources */,
				859921E4291A788F007F96A6 /* Userdefault.swift in Sources */,
				85350A802918F24D00C70515 /* Fonts.swift in Sources */,
				85350A772918DD7E00C70515 /* ReusableProtocol+Extension.swift in Sources */,
				850515402924994600862A2F /* MypageUpdate.swift in Sources */,
				8505152F29236A1C00862A2F /* CustomwithdarwView.swift in Sources */,
				85E3ABB22922168400F890AF /* ManagementView.swift in Sources */,
				85350A92291908D200C70515 /* RxSwiftProtocol.swift in Sources */,
				859921ED291AC1E3007F96A6 /* CommonViewModel.swift in Sources */,
				8599220A291CB0A7007F96A6 /* NicknameViewController.swift in Sources */,
				8599220D291CB1FA007F96A6 /* BlackHighlightTextField.swift in Sources */,
				85992222291D1EDB007F96A6 /* EmailView.swift in Sources */,
				859921E1291A75ED007F96A6 /* UIViewController+Extension.swift in Sources */,
				850515202922949400862A2F /* ProfileTitleView.swift in Sources */,
				8599222D291D2D0E007F96A6 /* GenderViewController.swift in Sources */,
				8542BE0E291E737C00CF799A /* SplashView.swift in Sources */,
				8542BE242921F22E00CF799A /* MyInfoViewModel.swift in Sources */,
				85350AA8291937EF00C70515 /* CertificationRequestViewModel.swift in Sources */,
				85350A3E2918C1D600C70515 /* AppDelegate.swift in Sources */,
				859921FE291C0459007F96A6 /* SesacAPIRouter.swift in Sources */,
				8542BE15291F67F800CF799A /* NetworkMonitor.swift in Sources */,
				85992210291CCCD3007F96A6 /* NicknameViewModel.swift in Sources */,
				8505155A2925149300862A2F /* SeachView.swift in Sources */,
				85051529292367BC00862A2F /* CustomStudyView.swift in Sources */,
				85E3ABB4292216FE00F890AF /* ManagementViewModel.swift in Sources */,
				85350A5A2918C81600C70515 /* OnboardingView.swift in Sources */,
				85350A992919129400C70515 /* CertificationRequestViewController.swift in Sources */,
				8505155C2925149D00862A2F /* SearchViewController.swift in Sources */,
				850515422924B3A600862A2F /* WithdrawPopupView.swift in Sources */,
				850515392924066C00862A2F /* SeSACInfo.swift in Sources */,
				8542BE222921F1CF00CF799A /* MyInfoViewController.swift in Sources */,
				85992229291D2CFF007F96A6 /* GenderViewModel.swift in Sources */,
				85350AA0291924FA00C70515 /* BaseButton.swift in Sources */,
				8599223C291D6A8E007F96A6 /* HomeViewController.swift in Sources */,
				8505151E29228FF200862A2F /* ProfileCardView.swift in Sources */,
				85350A9E291924B500C70515 /* GreenBgButton.swift in Sources */,
				85E3ABB02922166400F890AF /* ManagementViewController.swift in Sources */,
				85350A622918CB0600C70515 /* BaseView.swift in Sources */,
				85992224291D1EE7007F96A6 /* EmailViewController.swift in Sources */,
				85051527292364EB00862A2F /* CustomGenderView.swift in Sources */,
				85350A662918CC1000C70515 /* BaseViewProtocol.swift in Sources */,
				850515152922295800862A2F /* GreenSelectedButton.swift in Sources */,
				85350A6C2918D08C00C70515 /* BaseCollectionViewCell.swift in Sources */,
				8505156029251FF100862A2F /* TagCell.swift in Sources */,
				8542BE0B291E730900CF799A /* SplashController.swift in Sources */,
				8542BE2A2921F77F00CF799A /* MyInfoTableViewCell.swift in Sources */,
				859921E7291A7D7B007F96A6 /* RegexVaidation.swift in Sources */,
				8509293C292646200074912E /* RecommandCell.swift in Sources */,
				8505152B292368AA00862A2F /* CustomPhoneView.swift in Sources */,
				850515222922B51B00862A2F /* ProfileNicknameView.swift in Sources */,
				85350A732918DC1200C70515 /* ReusableProtocol.swift in Sources */,
				8505155E29251B0D00862A2F /* SearchViewModel.swift in Sources */,
				85D341C5291A33E600F27A78 /* CertificationError.swift in Sources */,
				8542BE12291E7BD500CF799A /* SplashViewModel.swift in Sources */,
				85992208291CB01C007F96A6 /* NicknameView.swift in Sources */,
				85350A862918F70500C70515 /* UIColor+Extension.swift in Sources */,
				8599223E291D6ADB007F96A6 /* MainViewModel.swift in Sources */,
				85350A7B2918E2C300C70515 /* Assets.swift in Sources */,
				85350A682918CC9400C70515 /* BaseViewController.swift in Sources */,
				85350AAB29193B8700C70515 /* UserConfigureView.swift in Sources */,
				8505154B2924B78700862A2F /* WithdarwViewModel.swift in Sources */,
				85992219291CD6B8007F96A6 /* BirthViewController.swift in Sources */,
				85350A562918C7FA00C70515 /* OnboardingViewController.swift in Sources */,
				85992220291D1ED1007F96A6 /* EmailViewModel.swift in Sources */,
				8505152D2923693E00862A2F /* CustomAgeView.swift in Sources */,
				85350A8B2918FCCC00C70515 /* Ments.swift in Sources */,
				85992202291C0B03007F96A6 /* LoginError.swift in Sources */,
				850515482924B73400862A2F /* WithdarwViewController.swift in Sources */,
				85350A402918C1D600C70515 /* SceneDelegate.swift in Sources */,
				859921FC291C01D1007F96A6 /* SesacAPIService.swift in Sources */,
				85350AB4291944DD00C70515 /* CertificationReceivingView.swift in Sources */,
				859921F8291C0086007F96A6 /* UserData.swift in Sources */,
				85350A6A2918D06800C70515 /* OnboardingCollectionViewCell.swift in Sources */,
				85350A972919125E00C70515 /* CertificationRequsetView.swift in Sources */,
				85992215291CD686007F96A6 /* BirthViewModel.swift in Sources */,
				85992217291CD6B0007F96A6 /* BirthView.swift in Sources */,
				85992240291D6B13007F96A6 /* HomeView.swift in Sources */,
				85092939292635800074912E /* SearchData.swift in Sources */,
				859921EB291AB490007F96A6 /* FirebaseAPIService.swift in Sources */,
				85350AA329192A9300C70515 /* TextFieldHighlightLine.swift in Sources */,
				8599222B291D2D06007F96A6 /* GenderView.swift in Sources */,
				85350AB62919470300C70515 /* CertificationReceivingViewController.swift in Sources */,
			);
			runOnlyForDeploymentPostprocessing = 0;
		};
/* End PBXSourcesBuildPhase section */

/* Begin PBXVariantGroup section */
		85350A482918C1D700C70515 /* LaunchScreen.storyboard */ = {
			isa = PBXVariantGroup;
			children = (
				85350A492918C1D700C70515 /* Base */,
			);
			name = LaunchScreen.storyboard;
			sourceTree = "<group>";
		};
/* End PBXVariantGroup section */

/* Begin XCBuildConfiguration section */
		85350A4C2918C1D700C70515 /* Debug */ = {
			isa = XCBuildConfiguration;
			buildSettings = {
				ALWAYS_SEARCH_USER_PATHS = NO;
				CLANG_ANALYZER_NONNULL = YES;
				CLANG_ANALYZER_NUMBER_OBJECT_CONVERSION = YES_AGGRESSIVE;
				CLANG_CXX_LANGUAGE_STANDARD = "gnu++20";
				CLANG_ENABLE_MODULES = YES;
				CLANG_ENABLE_OBJC_ARC = YES;
				CLANG_ENABLE_OBJC_WEAK = YES;
				CLANG_WARN_BLOCK_CAPTURE_AUTORELEASING = YES;
				CLANG_WARN_BOOL_CONVERSION = YES;
				CLANG_WARN_COMMA = YES;
				CLANG_WARN_CONSTANT_CONVERSION = YES;
				CLANG_WARN_DEPRECATED_OBJC_IMPLEMENTATIONS = YES;
				CLANG_WARN_DIRECT_OBJC_ISA_USAGE = YES_ERROR;
				CLANG_WARN_DOCUMENTATION_COMMENTS = YES;
				CLANG_WARN_EMPTY_BODY = YES;
				CLANG_WARN_ENUM_CONVERSION = YES;
				CLANG_WARN_INFINITE_RECURSION = YES;
				CLANG_WARN_INT_CONVERSION = YES;
				CLANG_WARN_NON_LITERAL_NULL_CONVERSION = YES;
				CLANG_WARN_OBJC_IMPLICIT_RETAIN_SELF = YES;
				CLANG_WARN_OBJC_LITERAL_CONVERSION = YES;
				CLANG_WARN_OBJC_ROOT_CLASS = YES_ERROR;
				CLANG_WARN_QUOTED_INCLUDE_IN_FRAMEWORK_HEADER = YES;
				CLANG_WARN_RANGE_LOOP_ANALYSIS = YES;
				CLANG_WARN_STRICT_PROTOTYPES = YES;
				CLANG_WARN_SUSPICIOUS_MOVE = YES;
				CLANG_WARN_UNGUARDED_AVAILABILITY = YES_AGGRESSIVE;
				CLANG_WARN_UNREACHABLE_CODE = YES;
				CLANG_WARN__DUPLICATE_METHOD_MATCH = YES;
				COPY_PHASE_STRIP = NO;
				DEBUG_INFORMATION_FORMAT = dwarf;
				ENABLE_STRICT_OBJC_MSGSEND = YES;
				ENABLE_TESTABILITY = YES;
				GCC_C_LANGUAGE_STANDARD = gnu11;
				GCC_DYNAMIC_NO_PIC = NO;
				GCC_NO_COMMON_BLOCKS = YES;
				GCC_OPTIMIZATION_LEVEL = 0;
				GCC_PREPROCESSOR_DEFINITIONS = (
					"DEBUG=1",
					"$(inherited)",
				);
				GCC_WARN_64_TO_32_BIT_CONVERSION = YES;
				GCC_WARN_ABOUT_RETURN_TYPE = YES_ERROR;
				GCC_WARN_UNDECLARED_SELECTOR = YES;
				GCC_WARN_UNINITIALIZED_AUTOS = YES_AGGRESSIVE;
				GCC_WARN_UNUSED_FUNCTION = YES;
				GCC_WARN_UNUSED_VARIABLE = YES;
				IPHONEOS_DEPLOYMENT_TARGET = 15.0;
				MTL_ENABLE_DEBUG_INFO = INCLUDE_SOURCE;
				MTL_FAST_MATH = YES;
				ONLY_ACTIVE_ARCH = YES;
				SDKROOT = iphoneos;
				SWIFT_ACTIVE_COMPILATION_CONDITIONS = DEBUG;
				SWIFT_OPTIMIZATION_LEVEL = "-Onone";
			};
			name = Debug;
		};
		85350A4D2918C1D700C70515 /* Release */ = {
			isa = XCBuildConfiguration;
			buildSettings = {
				ALWAYS_SEARCH_USER_PATHS = NO;
				CLANG_ANALYZER_NONNULL = YES;
				CLANG_ANALYZER_NUMBER_OBJECT_CONVERSION = YES_AGGRESSIVE;
				CLANG_CXX_LANGUAGE_STANDARD = "gnu++20";
				CLANG_ENABLE_MODULES = YES;
				CLANG_ENABLE_OBJC_ARC = YES;
				CLANG_ENABLE_OBJC_WEAK = YES;
				CLANG_WARN_BLOCK_CAPTURE_AUTORELEASING = YES;
				CLANG_WARN_BOOL_CONVERSION = YES;
				CLANG_WARN_COMMA = YES;
				CLANG_WARN_CONSTANT_CONVERSION = YES;
				CLANG_WARN_DEPRECATED_OBJC_IMPLEMENTATIONS = YES;
				CLANG_WARN_DIRECT_OBJC_ISA_USAGE = YES_ERROR;
				CLANG_WARN_DOCUMENTATION_COMMENTS = YES;
				CLANG_WARN_EMPTY_BODY = YES;
				CLANG_WARN_ENUM_CONVERSION = YES;
				CLANG_WARN_INFINITE_RECURSION = YES;
				CLANG_WARN_INT_CONVERSION = YES;
				CLANG_WARN_NON_LITERAL_NULL_CONVERSION = YES;
				CLANG_WARN_OBJC_IMPLICIT_RETAIN_SELF = YES;
				CLANG_WARN_OBJC_LITERAL_CONVERSION = YES;
				CLANG_WARN_OBJC_ROOT_CLASS = YES_ERROR;
				CLANG_WARN_QUOTED_INCLUDE_IN_FRAMEWORK_HEADER = YES;
				CLANG_WARN_RANGE_LOOP_ANALYSIS = YES;
				CLANG_WARN_STRICT_PROTOTYPES = YES;
				CLANG_WARN_SUSPICIOUS_MOVE = YES;
				CLANG_WARN_UNGUARDED_AVAILABILITY = YES_AGGRESSIVE;
				CLANG_WARN_UNREACHABLE_CODE = YES;
				CLANG_WARN__DUPLICATE_METHOD_MATCH = YES;
				COPY_PHASE_STRIP = NO;
				DEBUG_INFORMATION_FORMAT = "dwarf-with-dsym";
				ENABLE_NS_ASSERTIONS = NO;
				ENABLE_STRICT_OBJC_MSGSEND = YES;
				GCC_C_LANGUAGE_STANDARD = gnu11;
				GCC_NO_COMMON_BLOCKS = YES;
				GCC_WARN_64_TO_32_BIT_CONVERSION = YES;
				GCC_WARN_ABOUT_RETURN_TYPE = YES_ERROR;
				GCC_WARN_UNDECLARED_SELECTOR = YES;
				GCC_WARN_UNINITIALIZED_AUTOS = YES_AGGRESSIVE;
				GCC_WARN_UNUSED_FUNCTION = YES;
				GCC_WARN_UNUSED_VARIABLE = YES;
				IPHONEOS_DEPLOYMENT_TARGET = 15.0;
				MTL_ENABLE_DEBUG_INFO = NO;
				MTL_FAST_MATH = YES;
				SDKROOT = iphoneos;
				SWIFT_COMPILATION_MODE = wholemodule;
				SWIFT_OPTIMIZATION_LEVEL = "-O";
				VALIDATE_PRODUCT = YES;
			};
			name = Release;
		};
		85350A4F2918C1D700C70515 /* Debug */ = {
			isa = XCBuildConfiguration;
			buildSettings = {
				ASSETCATALOG_COMPILER_APPICON_NAME = AppIcon;
				ASSETCATALOG_COMPILER_GLOBAL_ACCENT_COLOR_NAME = AccentColor;
				CODE_SIGN_ENTITLEMENTS = SeSAC_StudyMatchingApp/SeSAC_StudyMatchingApp.entitlements;
				CODE_SIGN_IDENTITY = "Apple Development";
				CODE_SIGN_STYLE = Automatic;
				CURRENT_PROJECT_VERSION = 1;
				DEVELOPMENT_TEAM = 3K4KWAG7KD;
				GENERATE_INFOPLIST_FILE = YES;
				INFOPLIST_FILE = SeSAC_StudyMatchingApp/Resource/Info.plist;
				INFOPLIST_KEY_CFBundleDisplayName = "새싹스터디";
				INFOPLIST_KEY_UIApplicationSupportsIndirectInputEvents = YES;
				INFOPLIST_KEY_UILaunchStoryboardName = LaunchScreen;
				INFOPLIST_KEY_UISupportedInterfaceOrientations = UIInterfaceOrientationPortrait;
				INFOPLIST_KEY_UISupportedInterfaceOrientations_iPad = "UIInterfaceOrientationLandscapeLeft UIInterfaceOrientationLandscapeRight UIInterfaceOrientationPortrait UIInterfaceOrientationPortraitUpsideDown";
				LD_RUNPATH_SEARCH_PATHS = (
					"$(inherited)",
					"@executable_path/Frameworks",
				);
				MARKETING_VERSION = 1.0;
				PRODUCT_BUNDLE_IDENTIFIER = com.memolease.sesacslp;
				PRODUCT_NAME = "$(TARGET_NAME)";
				PROVISIONING_PROFILE_SPECIFIER = "";
				SUPPORTED_PLATFORMS = "iphoneos iphonesimulator";
				SUPPORTS_MACCATALYST = NO;
				SUPPORTS_MAC_DESIGNED_FOR_IPHONE_IPAD = NO;
				SWIFT_EMIT_LOC_STRINGS = YES;
				SWIFT_VERSION = 5.0;
				TARGETED_DEVICE_FAMILY = 1;
			};
			name = Debug;
		};
		85350A502918C1D700C70515 /* Release */ = {
			isa = XCBuildConfiguration;
			buildSettings = {
				ASSETCATALOG_COMPILER_APPICON_NAME = AppIcon;
				ASSETCATALOG_COMPILER_GLOBAL_ACCENT_COLOR_NAME = AccentColor;
				CODE_SIGN_ENTITLEMENTS = SeSAC_StudyMatchingApp/SeSAC_StudyMatchingApp.entitlements;
				CODE_SIGN_IDENTITY = "Apple Development";
				CODE_SIGN_STYLE = Automatic;
				CURRENT_PROJECT_VERSION = 1;
				DEVELOPMENT_TEAM = 3K4KWAG7KD;
				GENERATE_INFOPLIST_FILE = YES;
				INFOPLIST_FILE = SeSAC_StudyMatchingApp/Resource/Info.plist;
				INFOPLIST_KEY_CFBundleDisplayName = "새싹스터디";
				INFOPLIST_KEY_UIApplicationSupportsIndirectInputEvents = YES;
				INFOPLIST_KEY_UILaunchStoryboardName = LaunchScreen;
				INFOPLIST_KEY_UISupportedInterfaceOrientations = UIInterfaceOrientationPortrait;
				INFOPLIST_KEY_UISupportedInterfaceOrientations_iPad = "UIInterfaceOrientationLandscapeLeft UIInterfaceOrientationLandscapeRight UIInterfaceOrientationPortrait UIInterfaceOrientationPortraitUpsideDown";
				LD_RUNPATH_SEARCH_PATHS = (
					"$(inherited)",
					"@executable_path/Frameworks",
				);
				MARKETING_VERSION = 1.0;
				PRODUCT_BUNDLE_IDENTIFIER = com.memolease.sesacslp;
				PRODUCT_NAME = "$(TARGET_NAME)";
				PROVISIONING_PROFILE_SPECIFIER = "";
				SUPPORTED_PLATFORMS = "iphoneos iphonesimulator";
				SUPPORTS_MACCATALYST = NO;
				SUPPORTS_MAC_DESIGNED_FOR_IPHONE_IPAD = NO;
				SWIFT_EMIT_LOC_STRINGS = YES;
				SWIFT_VERSION = 5.0;
				TARGETED_DEVICE_FAMILY = 1;
			};
			name = Release;
		};
/* End XCBuildConfiguration section */

/* Begin XCConfigurationList section */
		85350A352918C1D600C70515 /* Build configuration list for PBXProject "SeSAC_StudyMatchingApp" */ = {
			isa = XCConfigurationList;
			buildConfigurations = (
				85350A4C2918C1D700C70515 /* Debug */,
				85350A4D2918C1D700C70515 /* Release */,
			);
			defaultConfigurationIsVisible = 0;
			defaultConfigurationName = Release;
		};
		85350A4E2918C1D700C70515 /* Build configuration list for PBXNativeTarget "SeSAC_StudyMatchingApp" */ = {
			isa = XCConfigurationList;
			buildConfigurations = (
				85350A4F2918C1D700C70515 /* Debug */,
				85350A502918C1D700C70515 /* Release */,
			);
			defaultConfigurationIsVisible = 0;
			defaultConfigurationName = Release;
		};
/* End XCConfigurationList section */

/* Begin XCRemoteSwiftPackageReference section */
		85051516292243BB00862A2F /* XCRemoteSwiftPackageReference "MultiSlider" */ = {
			isa = XCRemoteSwiftPackageReference;
			repositoryURL = "https://github.com/yonat/MultiSlider.git";
			requirement = {
				kind = upToNextMajorVersion;
				minimumVersion = 1.0.0;
			};
		};
		85350A6D2918D43600C70515 /* XCRemoteSwiftPackageReference "SnapKit" */ = {
			isa = XCRemoteSwiftPackageReference;
			repositoryURL = "https://github.com/SnapKit/SnapKit.git";
			requirement = {
				kind = upToNextMajorVersion;
				minimumVersion = 5.0.0;
			};
		};
		85350A8C2919083200C70515 /* XCRemoteSwiftPackageReference "RxSwift" */ = {
			isa = XCRemoteSwiftPackageReference;
			repositoryURL = "https://github.com/ReactiveX/RxSwift.git";
			requirement = {
				kind = upToNextMajorVersion;
				minimumVersion = 6.0.0;
			};
		};
		85350AA4291931BC00C70515 /* XCRemoteSwiftPackageReference "RxGesture" */ = {
			isa = XCRemoteSwiftPackageReference;
			repositoryURL = "https://github.com/RxSwiftCommunity/RxGesture.git";
			requirement = {
				kind = upToNextMajorVersion;
				minimumVersion = 4.0.0;
			};
		};
		8542BE252921F65800CF799A /* XCRemoteSwiftPackageReference "RxDataSources" */ = {
			isa = XCRemoteSwiftPackageReference;
			repositoryURL = "https://github.com/RxSwiftCommunity/RxDataSources.git";
			requirement = {
				kind = upToNextMajorVersion;
				minimumVersion = 5.0.0;
			};
		};
		859921F3291BFE11007F96A6 /* XCRemoteSwiftPackageReference "Alamofire" */ = {
			isa = XCRemoteSwiftPackageReference;
			repositoryURL = "https://github.com/Alamofire/Alamofire.git";
			requirement = {
				kind = upToNextMajorVersion;
				minimumVersion = 5.0.0;
			};
		};
		8599222E291D50A8007F96A6 /* XCRemoteSwiftPackageReference "firebase-ios-sdk" */ = {
			isa = XCRemoteSwiftPackageReference;
			repositoryURL = "https://github.com/firebase/firebase-ios-sdk";
			requirement = {
				kind = upToNextMajorVersion;
				minimumVersion = 9.0.0;
			};
		};
		85D341BF291A2C4A00F27A78 /* XCRemoteSwiftPackageReference "Toast-Swift" */ = {
			isa = XCRemoteSwiftPackageReference;
			repositoryURL = "https://github.com/scalessec/Toast-Swift.git";
			requirement = {
				kind = upToNextMajorVersion;
				minimumVersion = 5.0.0;
			};
		};
/* End XCRemoteSwiftPackageReference section */

/* Begin XCSwiftPackageProductDependency section */
		85051517292243BB00862A2F /* MultiSlider */ = {
			isa = XCSwiftPackageProductDependency;
			package = 85051516292243BB00862A2F /* XCRemoteSwiftPackageReference "MultiSlider" */;
			productName = MultiSlider;
		};
		85350A6E2918D43600C70515 /* SnapKit */ = {
			isa = XCSwiftPackageProductDependency;
			package = 85350A6D2918D43600C70515 /* XCRemoteSwiftPackageReference "SnapKit" */;
			productName = SnapKit;
		};
		85350A8D2919083200C70515 /* RxCocoa */ = {
			isa = XCSwiftPackageProductDependency;
			package = 85350A8C2919083200C70515 /* XCRemoteSwiftPackageReference "RxSwift" */;
			productName = RxCocoa;
		};
		85350A8F2919083200C70515 /* RxSwift */ = {
			isa = XCSwiftPackageProductDependency;
			package = 85350A8C2919083200C70515 /* XCRemoteSwiftPackageReference "RxSwift" */;
			productName = RxSwift;
		};
		85350AA5291931BC00C70515 /* RxGesture */ = {
			isa = XCSwiftPackageProductDependency;
			package = 85350AA4291931BC00C70515 /* XCRemoteSwiftPackageReference "RxGesture" */;
			productName = RxGesture;
		};
		8542BE262921F65800CF799A /* RxDataSources */ = {
			isa = XCSwiftPackageProductDependency;
			package = 8542BE252921F65800CF799A /* XCRemoteSwiftPackageReference "RxDataSources" */;
			productName = RxDataSources;
		};
		859921F4291BFE11007F96A6 /* Alamofire */ = {
			isa = XCSwiftPackageProductDependency;
			package = 859921F3291BFE11007F96A6 /* XCRemoteSwiftPackageReference "Alamofire" */;
			productName = Alamofire;
		};
		8599222F291D50A8007F96A6 /* FirebaseAnalytics */ = {
			isa = XCSwiftPackageProductDependency;
			package = 8599222E291D50A8007F96A6 /* XCRemoteSwiftPackageReference "firebase-ios-sdk" */;
			productName = FirebaseAnalytics;
		};
		85992231291D50A8007F96A6 /* FirebaseAuth */ = {
			isa = XCSwiftPackageProductDependency;
			package = 8599222E291D50A8007F96A6 /* XCRemoteSwiftPackageReference "firebase-ios-sdk" */;
			productName = FirebaseAuth;
		};
		85992233291D50A8007F96A6 /* FirebaseMessaging */ = {
			isa = XCSwiftPackageProductDependency;
			package = 8599222E291D50A8007F96A6 /* XCRemoteSwiftPackageReference "firebase-ios-sdk" */;
			productName = FirebaseMessaging;
		};
		85D341C0291A2C4A00F27A78 /* Toast */ = {
			isa = XCSwiftPackageProductDependency;
			package = 85D341BF291A2C4A00F27A78 /* XCRemoteSwiftPackageReference "Toast-Swift" */;
			productName = Toast;
		};
/* End XCSwiftPackageProductDependency section */
	};
	rootObject = 85350A322918C1D600C70515 /* Project object */;
}
