// !$*UTF8*$!
{
	archiveVersion = 1;
	classes = {
	};
	objectVersion = 56;
	objects = {

/* Begin PBXBuildFile section */
		85350A3E2918C1D600C70515 /* AppDelegate.swift in Sources */ = {isa = PBXBuildFile; fileRef = 85350A3D2918C1D600C70515 /* AppDelegate.swift */; };
		85350A402918C1D600C70515 /* SceneDelegate.swift in Sources */ = {isa = PBXBuildFile; fileRef = 85350A3F2918C1D600C70515 /* SceneDelegate.swift */; };
		85350A472918C1D700C70515 /* Assets.xcassets in Resources */ = {isa = PBXBuildFile; fileRef = 85350A462918C1D700C70515 /* Assets.xcassets */; };
		85350A4A2918C1D700C70515 /* LaunchScreen.storyboard in Resources */ = {isa = PBXBuildFile; fileRef = 85350A482918C1D700C70515 /* LaunchScreen.storyboard */; };
		85350A562918C7FA00C70515 /* OnboardingViewController.swift in Sources */ = {isa = PBXBuildFile; fileRef = 85350A552918C7FA00C70515 /* OnboardingViewController.swift */; };
		85350A5A2918C81600C70515 /* OnboardingView.swift in Sources */ = {isa = PBXBuildFile; fileRef = 85350A592918C81600C70515 /* OnboardingView.swift */; };
		85350A622918CB0600C70515 /* BaseView.swift in Sources */ = {isa = PBXBuildFile; fileRef = 85350A612918CB0600C70515 /* BaseView.swift */; };
		85350A662918CC1000C70515 /* BaseViewProtocol.swift in Sources */ = {isa = PBXBuildFile; fileRef = 85350A652918CC1000C70515 /* BaseViewProtocol.swift */; };
		85350A682918CC9400C70515 /* BaseViewController.swift in Sources */ = {isa = PBXBuildFile; fileRef = 85350A672918CC9400C70515 /* BaseViewController.swift */; };
		85350A6A2918D06800C70515 /* OnboardingCollectionViewCell.swift in Sources */ = {isa = PBXBuildFile; fileRef = 85350A692918D06800C70515 /* OnboardingCollectionViewCell.swift */; };
		85350A6C2918D08C00C70515 /* BaseCollectionViewCell.swift in Sources */ = {isa = PBXBuildFile; fileRef = 85350A6B2918D08C00C70515 /* BaseCollectionViewCell.swift */; };
		85350A6F2918D43600C70515 /* SnapKit in Frameworks */ = {isa = PBXBuildFile; productRef = 85350A6E2918D43600C70515 /* SnapKit */; };
		85350A732918DC1200C70515 /* ReusableProtocol.swift in Sources */ = {isa = PBXBuildFile; fileRef = 85350A722918DC1200C70515 /* ReusableProtocol.swift */; };
		85350A772918DD7E00C70515 /* ReusableProtocol+Extension.swift in Sources */ = {isa = PBXBuildFile; fileRef = 85350A762918DD7E00C70515 /* ReusableProtocol+Extension.swift */; };
		85350A7B2918E2C300C70515 /* Assets.swift in Sources */ = {isa = PBXBuildFile; fileRef = 85350A7A2918E2C300C70515 /* Assets.swift */; };
		85350A7E2918F23000C70515 /* NotoSansKR-Medium.otf in Resources */ = {isa = PBXBuildFile; fileRef = 85350A7D2918F23000C70515 /* NotoSansKR-Medium.otf */; };
		85350A802918F24D00C70515 /* Fonts.swift in Sources */ = {isa = PBXBuildFile; fileRef = 85350A7F2918F24D00C70515 /* Fonts.swift */; };
		85350A822918F58800C70515 /* NotoSansKR-Regular.otf in Resources */ = {isa = PBXBuildFile; fileRef = 85350A812918F58800C70515 /* NotoSansKR-Regular.otf */; };
		85350A862918F70500C70515 /* UIColor+Extension.swift in Sources */ = {isa = PBXBuildFile; fileRef = 85350A852918F70500C70515 /* UIColor+Extension.swift */; };
		85350A8B2918FCCC00C70515 /* Ments.swift in Sources */ = {isa = PBXBuildFile; fileRef = 85350A8A2918FCCC00C70515 /* Ments.swift */; };
		85350A8E2919083200C70515 /* RxCocoa in Frameworks */ = {isa = PBXBuildFile; productRef = 85350A8D2919083200C70515 /* RxCocoa */; };
		85350A902919083200C70515 /* RxSwift in Frameworks */ = {isa = PBXBuildFile; productRef = 85350A8F2919083200C70515 /* RxSwift */; };
		85350A92291908D200C70515 /* RxSwiftProtocol.swift in Sources */ = {isa = PBXBuildFile; fileRef = 85350A91291908D200C70515 /* RxSwiftProtocol.swift */; };
		85350A972919125E00C70515 /* CertificationView.swift in Sources */ = {isa = PBXBuildFile; fileRef = 85350A962919125E00C70515 /* CertificationView.swift */; };
		85350A992919129400C70515 /* CertificationViewController.swift in Sources */ = {isa = PBXBuildFile; fileRef = 85350A982919129400C70515 /* CertificationViewController.swift */; };
/* End PBXBuildFile section */

/* Begin PBXFileReference section */
		85350A3A2918C1D600C70515 /* SeSAC_StudyMatchingApp.app */ = {isa = PBXFileReference; explicitFileType = wrapper.application; includeInIndex = 0; path = SeSAC_StudyMatchingApp.app; sourceTree = BUILT_PRODUCTS_DIR; };
		85350A3D2918C1D600C70515 /* AppDelegate.swift */ = {isa = PBXFileReference; lastKnownFileType = sourcecode.swift; path = AppDelegate.swift; sourceTree = "<group>"; };
		85350A3F2918C1D600C70515 /* SceneDelegate.swift */ = {isa = PBXFileReference; lastKnownFileType = sourcecode.swift; path = SceneDelegate.swift; sourceTree = "<group>"; };
		85350A462918C1D700C70515 /* Assets.xcassets */ = {isa = PBXFileReference; lastKnownFileType = folder.assetcatalog; path = Assets.xcassets; sourceTree = "<group>"; };
		85350A492918C1D700C70515 /* Base */ = {isa = PBXFileReference; lastKnownFileType = file.storyboard; name = Base; path = Base.lproj/LaunchScreen.storyboard; sourceTree = "<group>"; };
		85350A4B2918C1D700C70515 /* Info.plist */ = {isa = PBXFileReference; lastKnownFileType = text.plist.xml; path = Info.plist; sourceTree = "<group>"; };
		85350A552918C7FA00C70515 /* OnboardingViewController.swift */ = {isa = PBXFileReference; lastKnownFileType = sourcecode.swift; path = OnboardingViewController.swift; sourceTree = "<group>"; };
		85350A592918C81600C70515 /* OnboardingView.swift */ = {isa = PBXFileReference; lastKnownFileType = sourcecode.swift; path = OnboardingView.swift; sourceTree = "<group>"; };
		85350A612918CB0600C70515 /* BaseView.swift */ = {isa = PBXFileReference; lastKnownFileType = sourcecode.swift; path = BaseView.swift; sourceTree = "<group>"; };
		85350A652918CC1000C70515 /* BaseViewProtocol.swift */ = {isa = PBXFileReference; lastKnownFileType = sourcecode.swift; path = BaseViewProtocol.swift; sourceTree = "<group>"; };
		85350A672918CC9400C70515 /* BaseViewController.swift */ = {isa = PBXFileReference; lastKnownFileType = sourcecode.swift; path = BaseViewController.swift; sourceTree = "<group>"; };
		85350A692918D06800C70515 /* OnboardingCollectionViewCell.swift */ = {isa = PBXFileReference; lastKnownFileType = sourcecode.swift; path = OnboardingCollectionViewCell.swift; sourceTree = "<group>"; };
		85350A6B2918D08C00C70515 /* BaseCollectionViewCell.swift */ = {isa = PBXFileReference; lastKnownFileType = sourcecode.swift; path = BaseCollectionViewCell.swift; sourceTree = "<group>"; };
		85350A722918DC1200C70515 /* ReusableProtocol.swift */ = {isa = PBXFileReference; lastKnownFileType = sourcecode.swift; path = ReusableProtocol.swift; sourceTree = "<group>"; };
		85350A762918DD7E00C70515 /* ReusableProtocol+Extension.swift */ = {isa = PBXFileReference; lastKnownFileType = sourcecode.swift; path = "ReusableProtocol+Extension.swift"; sourceTree = "<group>"; };
		85350A7A2918E2C300C70515 /* Assets.swift */ = {isa = PBXFileReference; lastKnownFileType = sourcecode.swift; path = Assets.swift; sourceTree = "<group>"; };
		85350A7D2918F23000C70515 /* NotoSansKR-Medium.otf */ = {isa = PBXFileReference; lastKnownFileType = file; path = "NotoSansKR-Medium.otf"; sourceTree = "<group>"; };
		85350A7F2918F24D00C70515 /* Fonts.swift */ = {isa = PBXFileReference; lastKnownFileType = sourcecode.swift; path = Fonts.swift; sourceTree = "<group>"; };
		85350A812918F58800C70515 /* NotoSansKR-Regular.otf */ = {isa = PBXFileReference; lastKnownFileType = file; path = "NotoSansKR-Regular.otf"; sourceTree = "<group>"; };
		85350A852918F70500C70515 /* UIColor+Extension.swift */ = {isa = PBXFileReference; lastKnownFileType = sourcecode.swift; path = "UIColor+Extension.swift"; sourceTree = "<group>"; };
		85350A8A2918FCCC00C70515 /* Ments.swift */ = {isa = PBXFileReference; lastKnownFileType = sourcecode.swift; path = Ments.swift; sourceTree = "<group>"; };
		85350A91291908D200C70515 /* RxSwiftProtocol.swift */ = {isa = PBXFileReference; lastKnownFileType = sourcecode.swift; path = RxSwiftProtocol.swift; sourceTree = "<group>"; };
		85350A962919125E00C70515 /* CertificationView.swift */ = {isa = PBXFileReference; lastKnownFileType = sourcecode.swift; path = CertificationView.swift; sourceTree = "<group>"; };
		85350A982919129400C70515 /* CertificationViewController.swift */ = {isa = PBXFileReference; lastKnownFileType = sourcecode.swift; path = CertificationViewController.swift; sourceTree = "<group>"; };
/* End PBXFileReference section */

/* Begin PBXFrameworksBuildPhase section */
		85350A372918C1D600C70515 /* Frameworks */ = {
			isa = PBXFrameworksBuildPhase;
			buildActionMask = 2147483647;
			files = (
				85350A902919083200C70515 /* RxSwift in Frameworks */,
				85350A8E2919083200C70515 /* RxCocoa in Frameworks */,
				85350A6F2918D43600C70515 /* SnapKit in Frameworks */,
			);
			runOnlyForDeploymentPostprocessing = 0;
		};
/* End PBXFrameworksBuildPhase section */

/* Begin PBXGroup section */
		85350A312918C1D600C70515 = {
			isa = PBXGroup;
			children = (
				85350A3C2918C1D600C70515 /* SeSAC_StudyMatchingApp */,
				85350A3B2918C1D600C70515 /* Products */,
			);
			sourceTree = "<group>";
		};
		85350A3B2918C1D600C70515 /* Products */ = {
			isa = PBXGroup;
			children = (
				85350A3A2918C1D600C70515 /* SeSAC_StudyMatchingApp.app */,
			);
			name = Products;
			sourceTree = "<group>";
		};
		85350A3C2918C1D600C70515 /* SeSAC_StudyMatchingApp */ = {
			isa = PBXGroup;
			children = (
				85350A742918DC4D00C70515 /* Resource */,
				85350A532918C60000C70515 /* Presentation */,
				85350A522918C5FA00C70515 /* Domain */,
				85350A512918C24E00C70515 /* Application */,
				85350A4B2918C1D700C70515 /* Info.plist */,
			);
			path = SeSAC_StudyMatchingApp;
			sourceTree = "<group>";
		};
		85350A512918C24E00C70515 /* Application */ = {
			isa = PBXGroup;
			children = (
				85350A3D2918C1D600C70515 /* AppDelegate.swift */,
				85350A3F2918C1D600C70515 /* SceneDelegate.swift */,
			);
			path = Application;
			sourceTree = "<group>";
		};
		85350A522918C5FA00C70515 /* Domain */ = {
			isa = PBXGroup;
			children = (
			);
			path = Domain;
			sourceTree = "<group>";
		};
		85350A532918C60000C70515 /* Presentation */ = {
			isa = PBXGroup;
			children = (
				85350A5D2918CA9E00C70515 /* Common */,
				85350A93291911F400C70515 /* Certification */,
				85350A542918C7E100C70515 /* Onboarding */,
			);
			path = Presentation;
			sourceTree = "<group>";
		};
		85350A542918C7E100C70515 /* Onboarding */ = {
			isa = PBXGroup;
			children = (
				85350A572918C7FD00C70515 /* View */,
			);
			path = Onboarding;
			sourceTree = "<group>";
		};
		85350A572918C7FD00C70515 /* View */ = {
			isa = PBXGroup;
			children = (
				85350A552918C7FA00C70515 /* OnboardingViewController.swift */,
				85350A592918C81600C70515 /* OnboardingView.swift */,
				85350A692918D06800C70515 /* OnboardingCollectionViewCell.swift */,
			);
			path = View;
			sourceTree = "<group>";
		};
		85350A5D2918CA9E00C70515 /* Common */ = {
			isa = PBXGroup;
			children = (
				85350A842918F6F400C70515 /* Extension */,
				85350A602918CAF100C70515 /* Style */,
				85350A5F2918CADA00C70515 /* ViewModel */,
				85350A5E2918CAD100C70515 /* Base */,
			);
			path = Common;
			sourceTree = "<group>";
		};
		85350A5E2918CAD100C70515 /* Base */ = {
			isa = PBXGroup;
			children = (
				85350A752918DD6400C70515 /* Extension */,
				85350A642918CBFA00C70515 /* View */,
				85350A632918CBF100C70515 /* Protocols */,
			);
			path = Base;
			sourceTree = "<group>";
		};
		85350A5F2918CADA00C70515 /* ViewModel */ = {
			isa = PBXGroup;
			children = (
			);
			path = ViewModel;
			sourceTree = "<group>";
		};
		85350A602918CAF100C70515 /* Style */ = {
			isa = PBXGroup;
			children = (
			);
			path = Style;
			sourceTree = "<group>";
		};
		85350A632918CBF100C70515 /* Protocols */ = {
			isa = PBXGroup;
			children = (
				85350A652918CC1000C70515 /* BaseViewProtocol.swift */,
				85350A722918DC1200C70515 /* ReusableProtocol.swift */,
				85350A91291908D200C70515 /* RxSwiftProtocol.swift */,
			);
			path = Protocols;
			sourceTree = "<group>";
		};
		85350A642918CBFA00C70515 /* View */ = {
			isa = PBXGroup;
			children = (
				85350A612918CB0600C70515 /* BaseView.swift */,
				85350A672918CC9400C70515 /* BaseViewController.swift */,
				85350A6B2918D08C00C70515 /* BaseCollectionViewCell.swift */,
			);
			path = View;
			sourceTree = "<group>";
		};
		85350A742918DC4D00C70515 /* Resource */ = {
			isa = PBXGroup;
			children = (
				85350A892918FCB200C70515 /* Ments */,
				85350A7C2918EF3C00C70515 /* Fonts */,
				85350A792918E2AD00C70515 /* Assets */,
				85350A482918C1D700C70515 /* LaunchScreen.storyboard */,
			);
			path = Resource;
			sourceTree = "<group>";
		};
		85350A752918DD6400C70515 /* Extension */ = {
			isa = PBXGroup;
			children = (
				85350A762918DD7E00C70515 /* ReusableProtocol+Extension.swift */,
			);
			path = Extension;
			sourceTree = "<group>";
		};
		85350A792918E2AD00C70515 /* Assets */ = {
			isa = PBXGroup;
			children = (
				85350A462918C1D700C70515 /* Assets.xcassets */,
				85350A7A2918E2C300C70515 /* Assets.swift */,
			);
			path = Assets;
			sourceTree = "<group>";
		};
		85350A7C2918EF3C00C70515 /* Fonts */ = {
			isa = PBXGroup;
			children = (
				85350A7D2918F23000C70515 /* NotoSansKR-Medium.otf */,
				85350A812918F58800C70515 /* NotoSansKR-Regular.otf */,
				85350A7F2918F24D00C70515 /* Fonts.swift */,
			);
			path = Fonts;
			sourceTree = "<group>";
		};
		85350A842918F6F400C70515 /* Extension */ = {
			isa = PBXGroup;
			children = (
				85350A852918F70500C70515 /* UIColor+Extension.swift */,
			);
			path = Extension;
			sourceTree = "<group>";
		};
		85350A892918FCB200C70515 /* Ments */ = {
			isa = PBXGroup;
			children = (
				85350A8A2918FCCC00C70515 /* Ments.swift */,
			);
			path = Ments;
			sourceTree = "<group>";
		};
		85350A93291911F400C70515 /* Certification */ = {
			isa = PBXGroup;
			children = (
				85350A952919125300C70515 /* ViewModel */,
				85350A942919124E00C70515 /* View */,
			);
			path = Certification;
			sourceTree = "<group>";
		};
		85350A942919124E00C70515 /* View */ = {
			isa = PBXGroup;
			children = (
				85350A962919125E00C70515 /* CertificationView.swift */,
				85350A982919129400C70515 /* CertificationViewController.swift */,
			);
			path = View;
			sourceTree = "<group>";
		};
		85350A952919125300C70515 /* ViewModel */ = {
			isa = PBXGroup;
			children = (
			);
			path = ViewModel;
			sourceTree = "<group>";
		};
/* End PBXGroup section */

/* Begin PBXNativeTarget section */
		85350A392918C1D600C70515 /* SeSAC_StudyMatchingApp */ = {
			isa = PBXNativeTarget;
			buildConfigurationList = 85350A4E2918C1D700C70515 /* Build configuration list for PBXNativeTarget "SeSAC_StudyMatchingApp" */;
			buildPhases = (
				85350A362918C1D600C70515 /* Sources */,
				85350A372918C1D600C70515 /* Frameworks */,
				85350A382918C1D600C70515 /* Resources */,
			);
			buildRules = (
			);
			dependencies = (
			);
			name = SeSAC_StudyMatchingApp;
			packageProductDependencies = (
				85350A6E2918D43600C70515 /* SnapKit */,
				85350A8D2919083200C70515 /* RxCocoa */,
				85350A8F2919083200C70515 /* RxSwift */,
			);
			productName = SeSAC_StudyMatchingApp;
			productReference = 85350A3A2918C1D600C70515 /* SeSAC_StudyMatchingApp.app */;
			productType = "com.apple.product-type.application";
		};
/* End PBXNativeTarget section */

/* Begin PBXProject section */
		85350A322918C1D600C70515 /* Project object */ = {
			isa = PBXProject;
			attributes = {
				BuildIndependentTargetsInParallel = 1;
				LastSwiftUpdateCheck = 1400;
				LastUpgradeCheck = 1400;
				TargetAttributes = {
					85350A392918C1D600C70515 = {
						CreatedOnToolsVersion = 14.0.1;
					};
				};
			};
			buildConfigurationList = 85350A352918C1D600C70515 /* Build configuration list for PBXProject "SeSAC_StudyMatchingApp" */;
			compatibilityVersion = "Xcode 14.0";
			developmentRegion = en;
			hasScannedForEncodings = 0;
			knownRegions = (
				en,
				Base,
			);
			mainGroup = 85350A312918C1D600C70515;
			packageReferences = (
				85350A6D2918D43600C70515 /* XCRemoteSwiftPackageReference "SnapKit" */,
				85350A8C2919083200C70515 /* XCRemoteSwiftPackageReference "RxSwift" */,
			);
			productRefGroup = 85350A3B2918C1D600C70515 /* Products */;
			projectDirPath = "";
			projectRoot = "";
			targets = (
				85350A392918C1D600C70515 /* SeSAC_StudyMatchingApp */,
			);
		};
/* End PBXProject section */

/* Begin PBXResourcesBuildPhase section */
		85350A382918C1D600C70515 /* Resources */ = {
			isa = PBXResourcesBuildPhase;
			buildActionMask = 2147483647;
			files = (
				85350A7E2918F23000C70515 /* NotoSansKR-Medium.otf in Resources */,
				85350A4A2918C1D700C70515 /* LaunchScreen.storyboard in Resources */,
				85350A822918F58800C70515 /* NotoSansKR-Regular.otf in Resources */,
				85350A472918C1D700C70515 /* Assets.xcassets in Resources */,
			);
			runOnlyForDeploymentPostprocessing = 0;
		};
/* End PBXResourcesBuildPhase section */

/* Begin PBXSourcesBuildPhase section */
		85350A362918C1D600C70515 /* Sources */ = {
			isa = PBXSourcesBuildPhase;
			buildActionMask = 2147483647;
			files = (
				85350A802918F24D00C70515 /* Fonts.swift in Sources */,
				85350A772918DD7E00C70515 /* ReusableProtocol+Extension.swift in Sources */,
				85350A92291908D200C70515 /* RxSwiftProtocol.swift in Sources */,
				85350A3E2918C1D600C70515 /* AppDelegate.swift in Sources */,
				85350A5A2918C81600C70515 /* OnboardingView.swift in Sources */,
				85350A992919129400C70515 /* CertificationViewController.swift in Sources */,
				85350A622918CB0600C70515 /* BaseView.swift in Sources */,
				85350A662918CC1000C70515 /* BaseViewProtocol.swift in Sources */,
				85350A6C2918D08C00C70515 /* BaseCollectionViewCell.swift in Sources */,
				85350A732918DC1200C70515 /* ReusableProtocol.swift in Sources */,
				85350A862918F70500C70515 /* UIColor+Extension.swift in Sources */,
				85350A7B2918E2C300C70515 /* Assets.swift in Sources */,
				85350A682918CC9400C70515 /* BaseViewController.swift in Sources */,
				85350A562918C7FA00C70515 /* OnboardingViewController.swift in Sources */,
				85350A8B2918FCCC00C70515 /* Ments.swift in Sources */,
				85350A402918C1D600C70515 /* SceneDelegate.swift in Sources */,
				85350A6A2918D06800C70515 /* OnboardingCollectionViewCell.swift in Sources */,
				85350A972919125E00C70515 /* CertificationView.swift in Sources */,
			);
			runOnlyForDeploymentPostprocessing = 0;
		};
/* End PBXSourcesBuildPhase section */

/* Begin PBXVariantGroup section */
		85350A482918C1D700C70515 /* LaunchScreen.storyboard */ = {
			isa = PBXVariantGroup;
			children = (
				85350A492918C1D700C70515 /* Base */,
			);
			name = LaunchScreen.storyboard;
			sourceTree = "<group>";
		};
/* End PBXVariantGroup section */

/* Begin XCBuildConfiguration section */
		85350A4C2918C1D700C70515 /* Debug */ = {
			isa = XCBuildConfiguration;
			buildSettings = {
				ALWAYS_SEARCH_USER_PATHS = NO;
				CLANG_ANALYZER_NONNULL = YES;
				CLANG_ANALYZER_NUMBER_OBJECT_CONVERSION = YES_AGGRESSIVE;
				CLANG_CXX_LANGUAGE_STANDARD = "gnu++20";
				CLANG_ENABLE_MODULES = YES;
				CLANG_ENABLE_OBJC_ARC = YES;
				CLANG_ENABLE_OBJC_WEAK = YES;
				CLANG_WARN_BLOCK_CAPTURE_AUTORELEASING = YES;
				CLANG_WARN_BOOL_CONVERSION = YES;
				CLANG_WARN_COMMA = YES;
				CLANG_WARN_CONSTANT_CONVERSION = YES;
				CLANG_WARN_DEPRECATED_OBJC_IMPLEMENTATIONS = YES;
				CLANG_WARN_DIRECT_OBJC_ISA_USAGE = YES_ERROR;
				CLANG_WARN_DOCUMENTATION_COMMENTS = YES;
				CLANG_WARN_EMPTY_BODY = YES;
				CLANG_WARN_ENUM_CONVERSION = YES;
				CLANG_WARN_INFINITE_RECURSION = YES;
				CLANG_WARN_INT_CONVERSION = YES;
				CLANG_WARN_NON_LITERAL_NULL_CONVERSION = YES;
				CLANG_WARN_OBJC_IMPLICIT_RETAIN_SELF = YES;
				CLANG_WARN_OBJC_LITERAL_CONVERSION = YES;
				CLANG_WARN_OBJC_ROOT_CLASS = YES_ERROR;
				CLANG_WARN_QUOTED_INCLUDE_IN_FRAMEWORK_HEADER = YES;
				CLANG_WARN_RANGE_LOOP_ANALYSIS = YES;
				CLANG_WARN_STRICT_PROTOTYPES = YES;
				CLANG_WARN_SUSPICIOUS_MOVE = YES;
				CLANG_WARN_UNGUARDED_AVAILABILITY = YES_AGGRESSIVE;
				CLANG_WARN_UNREACHABLE_CODE = YES;
				CLANG_WARN__DUPLICATE_METHOD_MATCH = YES;
				COPY_PHASE_STRIP = NO;
				DEBUG_INFORMATION_FORMAT = dwarf;
				ENABLE_STRICT_OBJC_MSGSEND = YES;
				ENABLE_TESTABILITY = YES;
				GCC_C_LANGUAGE_STANDARD = gnu11;
				GCC_DYNAMIC_NO_PIC = NO;
				GCC_NO_COMMON_BLOCKS = YES;
				GCC_OPTIMIZATION_LEVEL = 0;
				GCC_PREPROCESSOR_DEFINITIONS = (
					"DEBUG=1",
					"$(inherited)",
				);
				GCC_WARN_64_TO_32_BIT_CONVERSION = YES;
				GCC_WARN_ABOUT_RETURN_TYPE = YES_ERROR;
				GCC_WARN_UNDECLARED_SELECTOR = YES;
				GCC_WARN_UNINITIALIZED_AUTOS = YES_AGGRESSIVE;
				GCC_WARN_UNUSED_FUNCTION = YES;
				GCC_WARN_UNUSED_VARIABLE = YES;
				IPHONEOS_DEPLOYMENT_TARGET = 16.0;
				MTL_ENABLE_DEBUG_INFO = INCLUDE_SOURCE;
				MTL_FAST_MATH = YES;
				ONLY_ACTIVE_ARCH = YES;
				SDKROOT = iphoneos;
				SWIFT_ACTIVE_COMPILATION_CONDITIONS = DEBUG;
				SWIFT_OPTIMIZATION_LEVEL = "-Onone";
			};
			name = Debug;
		};
		85350A4D2918C1D700C70515 /* Release */ = {
			isa = XCBuildConfiguration;
			buildSettings = {
				ALWAYS_SEARCH_USER_PATHS = NO;
				CLANG_ANALYZER_NONNULL = YES;
				CLANG_ANALYZER_NUMBER_OBJECT_CONVERSION = YES_AGGRESSIVE;
				CLANG_CXX_LANGUAGE_STANDARD = "gnu++20";
				CLANG_ENABLE_MODULES = YES;
				CLANG_ENABLE_OBJC_ARC = YES;
				CLANG_ENABLE_OBJC_WEAK = YES;
				CLANG_WARN_BLOCK_CAPTURE_AUTORELEASING = YES;
				CLANG_WARN_BOOL_CONVERSION = YES;
				CLANG_WARN_COMMA = YES;
				CLANG_WARN_CONSTANT_CONVERSION = YES;
				CLANG_WARN_DEPRECATED_OBJC_IMPLEMENTATIONS = YES;
				CLANG_WARN_DIRECT_OBJC_ISA_USAGE = YES_ERROR;
				CLANG_WARN_DOCUMENTATION_COMMENTS = YES;
				CLANG_WARN_EMPTY_BODY = YES;
				CLANG_WARN_ENUM_CONVERSION = YES;
				CLANG_WARN_INFINITE_RECURSION = YES;
				CLANG_WARN_INT_CONVERSION = YES;
				CLANG_WARN_NON_LITERAL_NULL_CONVERSION = YES;
				CLANG_WARN_OBJC_IMPLICIT_RETAIN_SELF = YES;
				CLANG_WARN_OBJC_LITERAL_CONVERSION = YES;
				CLANG_WARN_OBJC_ROOT_CLASS = YES_ERROR;
				CLANG_WARN_QUOTED_INCLUDE_IN_FRAMEWORK_HEADER = YES;
				CLANG_WARN_RANGE_LOOP_ANALYSIS = YES;
				CLANG_WARN_STRICT_PROTOTYPES = YES;
				CLANG_WARN_SUSPICIOUS_MOVE = YES;
				CLANG_WARN_UNGUARDED_AVAILABILITY = YES_AGGRESSIVE;
				CLANG_WARN_UNREACHABLE_CODE = YES;
				CLANG_WARN__DUPLICATE_METHOD_MATCH = YES;
				COPY_PHASE_STRIP = NO;
				DEBUG_INFORMATION_FORMAT = "dwarf-with-dsym";
				ENABLE_NS_ASSERTIONS = NO;
				ENABLE_STRICT_OBJC_MSGSEND = YES;
				GCC_C_LANGUAGE_STANDARD = gnu11;
				GCC_NO_COMMON_BLOCKS = YES;
				GCC_WARN_64_TO_32_BIT_CONVERSION = YES;
				GCC_WARN_ABOUT_RETURN_TYPE = YES_ERROR;
				GCC_WARN_UNDECLARED_SELECTOR = YES;
				GCC_WARN_UNINITIALIZED_AUTOS = YES_AGGRESSIVE;
				GCC_WARN_UNUSED_FUNCTION = YES;
				GCC_WARN_UNUSED_VARIABLE = YES;
				IPHONEOS_DEPLOYMENT_TARGET = 16.0;
				MTL_ENABLE_DEBUG_INFO = NO;
				MTL_FAST_MATH = YES;
				SDKROOT = iphoneos;
				SWIFT_COMPILATION_MODE = wholemodule;
				SWIFT_OPTIMIZATION_LEVEL = "-O";
				VALIDATE_PRODUCT = YES;
			};
			name = Release;
		};
		85350A4F2918C1D700C70515 /* Debug */ = {
			isa = XCBuildConfiguration;
			buildSettings = {
				ASSETCATALOG_COMPILER_APPICON_NAME = AppIcon;
				ASSETCATALOG_COMPILER_GLOBAL_ACCENT_COLOR_NAME = AccentColor;
				CODE_SIGN_STYLE = Automatic;
				CURRENT_PROJECT_VERSION = 1;
				DEVELOPMENT_TEAM = 3K4KWAG7KD;
				GENERATE_INFOPLIST_FILE = YES;
				INFOPLIST_FILE = SeSAC_StudyMatchingApp/Info.plist;
				INFOPLIST_KEY_CFBundleDisplayName = "새싹스터디";
				INFOPLIST_KEY_UIApplicationSupportsIndirectInputEvents = YES;
				INFOPLIST_KEY_UILaunchStoryboardName = LaunchScreen;
				INFOPLIST_KEY_UISupportedInterfaceOrientations = UIInterfaceOrientationPortrait;
				INFOPLIST_KEY_UISupportedInterfaceOrientations_iPad = "UIInterfaceOrientationLandscapeLeft UIInterfaceOrientationLandscapeRight UIInterfaceOrientationPortrait UIInterfaceOrientationPortraitUpsideDown";
				LD_RUNPATH_SEARCH_PATHS = (
					"$(inherited)",
					"@executable_path/Frameworks",
				);
				MARKETING_VERSION = 1.0;
				PRODUCT_BUNDLE_IDENTIFIER = "com.hano.SeSAC-StudyMatchingApp";
				PRODUCT_NAME = "$(TARGET_NAME)";
				SUPPORTED_PLATFORMS = "iphoneos iphonesimulator";
				SUPPORTS_MACCATALYST = NO;
				SUPPORTS_MAC_DESIGNED_FOR_IPHONE_IPAD = NO;
				SWIFT_EMIT_LOC_STRINGS = YES;
				SWIFT_VERSION = 5.0;
				TARGETED_DEVICE_FAMILY = 1;
			};
			name = Debug;
		};
		85350A502918C1D700C70515 /* Release */ = {
			isa = XCBuildConfiguration;
			buildSettings = {
				ASSETCATALOG_COMPILER_APPICON_NAME = AppIcon;
				ASSETCATALOG_COMPILER_GLOBAL_ACCENT_COLOR_NAME = AccentColor;
				CODE_SIGN_STYLE = Automatic;
				CURRENT_PROJECT_VERSION = 1;
				DEVELOPMENT_TEAM = 3K4KWAG7KD;
				GENERATE_INFOPLIST_FILE = YES;
				INFOPLIST_FILE = SeSAC_StudyMatchingApp/Info.plist;
				INFOPLIST_KEY_CFBundleDisplayName = "새싹스터디";
				INFOPLIST_KEY_UIApplicationSupportsIndirectInputEvents = YES;
				INFOPLIST_KEY_UILaunchStoryboardName = LaunchScreen;
				INFOPLIST_KEY_UISupportedInterfaceOrientations = UIInterfaceOrientationPortrait;
				INFOPLIST_KEY_UISupportedInterfaceOrientations_iPad = "UIInterfaceOrientationLandscapeLeft UIInterfaceOrientationLandscapeRight UIInterfaceOrientationPortrait UIInterfaceOrientationPortraitUpsideDown";
				LD_RUNPATH_SEARCH_PATHS = (
					"$(inherited)",
					"@executable_path/Frameworks",
				);
				MARKETING_VERSION = 1.0;
				PRODUCT_BUNDLE_IDENTIFIER = "com.hano.SeSAC-StudyMatchingApp";
				PRODUCT_NAME = "$(TARGET_NAME)";
				SUPPORTED_PLATFORMS = "iphoneos iphonesimulator";
				SUPPORTS_MACCATALYST = NO;
				SUPPORTS_MAC_DESIGNED_FOR_IPHONE_IPAD = NO;
				SWIFT_EMIT_LOC_STRINGS = YES;
				SWIFT_VERSION = 5.0;
				TARGETED_DEVICE_FAMILY = 1;
			};
			name = Release;
		};
/* End XCBuildConfiguration section */

/* Begin XCConfigurationList section */
		85350A352918C1D600C70515 /* Build configuration list for PBXProject "SeSAC_StudyMatchingApp" */ = {
			isa = XCConfigurationList;
			buildConfigurations = (
				85350A4C2918C1D700C70515 /* Debug */,
				85350A4D2918C1D700C70515 /* Release */,
			);
			defaultConfigurationIsVisible = 0;
			defaultConfigurationName = Release;
		};
		85350A4E2918C1D700C70515 /* Build configuration list for PBXNativeTarget "SeSAC_StudyMatchingApp" */ = {
			isa = XCConfigurationList;
			buildConfigurations = (
				85350A4F2918C1D700C70515 /* Debug */,
				85350A502918C1D700C70515 /* Release */,
			);
			defaultConfigurationIsVisible = 0;
			defaultConfigurationName = Release;
		};
/* End XCConfigurationList section */

/* Begin XCRemoteSwiftPackageReference section */
		85350A6D2918D43600C70515 /* XCRemoteSwiftPackageReference "SnapKit" */ = {
			isa = XCRemoteSwiftPackageReference;
			repositoryURL = "https://github.com/SnapKit/SnapKit.git";
			requirement = {
				kind = upToNextMajorVersion;
				minimumVersion = 5.0.0;
			};
		};
		85350A8C2919083200C70515 /* XCRemoteSwiftPackageReference "RxSwift" */ = {
			isa = XCRemoteSwiftPackageReference;
			repositoryURL = "https://github.com/ReactiveX/RxSwift.git";
			requirement = {
				kind = upToNextMajorVersion;
				minimumVersion = 6.0.0;
			};
		};
/* End XCRemoteSwiftPackageReference section */

/* Begin XCSwiftPackageProductDependency section */
		85350A6E2918D43600C70515 /* SnapKit */ = {
			isa = XCSwiftPackageProductDependency;
			package = 85350A6D2918D43600C70515 /* XCRemoteSwiftPackageReference "SnapKit" */;
			productName = SnapKit;
		};
		85350A8D2919083200C70515 /* RxCocoa */ = {
			isa = XCSwiftPackageProductDependency;
			package = 85350A8C2919083200C70515 /* XCRemoteSwiftPackageReference "RxSwift" */;
			productName = RxCocoa;
		};
		85350A8F2919083200C70515 /* RxSwift */ = {
			isa = XCSwiftPackageProductDependency;
			package = 85350A8C2919083200C70515 /* XCRemoteSwiftPackageReference "RxSwift" */;
			productName = RxSwift;
		};
/* End XCSwiftPackageProductDependency section */
	};
	rootObject = 85350A322918C1D600C70515 /* Project object */;
}
